
Microsoft Visual Studio Solution File, Format Version 12.00
# Visual Studio Version 17
VisualStudioVersion = 17.6.33829.357
MinimumVisualStudioVersion = 10.0.40219.1
Project("{8BC9CEB8-8B4A-11D0-8D11-00A0C91BC942}") = "NeoAxisCoreNative", "Sources\Engine\NeoAxis.Core.Native\NeoAxisCoreNative.WinRT.vcxproj", "{A49B1604-5C02-3455-8543-8A45A6E6C450}"
EndProject
Project("{FAE04EC0-301F-11D3-BF4B-00C04F79EFBC}") = "NeoAxis.Core.UWP", "Sources\Engine\NeoAxis.Core\NeoAxis.Core.UWP.csproj", "{EAC808E4-37A9-4C48-833B-A125CB1AA4AD}"
EndProject
Project("{2150E333-8FDC-42A3-9474-1A3956D46DE8}") = "Native", "Native", "{67F4E20B-24FA-4ACE-80C1-529222FC311E}"
EndProject
Project("{8BC9CEB8-8B4A-11D0-8D11-00A0C91BC942}") = "bgfx-shared-lib", "Sources\Engine\External\bgfx\bgfx\.build\projects\vs2017-winstore100\bgfx-shared-lib.vcxproj", "{14C304D7-804E-729B-895F-F58FF569CE9B}"
	ProjectSection(ProjectDependencies) = postProject
		{A49B1604-5C02-3455-8543-8A45A6E6C450} = {A49B1604-5C02-3455-8543-8A45A6E6C450}
	EndProjectSection
EndProject
Project("{FAE04EC0-301F-11D3-BF4B-00C04F79EFBC}") = "NeoAxis.Player.UWP", "Project\Sources\NeoAxis.Player.UWP\NeoAxis.Player.UWP.csproj", "{5417393A-BA14-4C40-AAC7-9FD5A5EC9278}"
	ProjectSection(ProjectDependencies) = postProject
		{1479C4F8-80D1-4313-9657-ACC6FB8815EB} = {1479C4F8-80D1-4313-9657-ACC6FB8815EB}
		{14C304D7-804E-729B-895F-F58FF569CE9B} = {14C304D7-804E-729B-895F-F58FF569CE9B}
		{A49B1604-5C02-3455-8543-8A45A6E6C450} = {A49B1604-5C02-3455-8543-8A45A6E6C450}
		{EAC808E4-37A9-4C48-833B-A125CB1AA4AD} = {EAC808E4-37A9-4C48-833B-A125CB1AA4AD}
	EndProjectSection
EndProject
Project("{FAE04EC0-301F-11D3-BF4B-00C04F79EFBC}") = "NeoAxis.CoreExtension.UWP", "Project\Sources\NeoAxis.CoreExtension\NeoAxis.CoreExtension.UWP.csproj", "{5AC5DA1A-BB1C-419E-A8F6-ECE12B62E731}"
	ProjectSection(ProjectDependencies) = postProject
		{EAC808E4-37A9-4C48-833B-A125CB1AA4AD} = {EAC808E4-37A9-4C48-833B-A125CB1AA4AD}
	EndProjectSection
EndProject
Project("{FAE04EC0-301F-11D3-BF4B-00C04F79EFBC}") = "Project.UWP", "Project\Project.UWP.csproj", "{1479C4F8-80D1-4313-9657-ACC6FB8815EB}"
	ProjectSection(ProjectDependencies) = postProject
		{EAC808E4-37A9-4C48-833B-A125CB1AA4AD} = {EAC808E4-37A9-4C48-833B-A125CB1AA4AD}
	EndProjectSection
EndProject
Global
	GlobalSection(SolutionConfigurationPlatforms) = preSolution
		Debug|ARM = Debug|ARM
		Debug|ARM64 = Debug|ARM64
		Debug|x64 = Debug|x64
		Debug|x86 = Debug|x86
		Release|ARM = Release|ARM
		Release|ARM64 = Release|ARM64
		Release|x64 = Release|x64
		Release|x86 = Release|x86
	EndGlobalSection
	GlobalSection(ProjectConfigurationPlatforms) = postSolution
		{A49B1604-5C02-3455-8543-8A45A6E6C450}.Debug|ARM.ActiveCfg = Release|x64
		{A49B1604-5C02-3455-8543-8A45A6E6C450}.Debug|ARM.Build.0 = Release|x64
		{A49B1604-5C02-3455-8543-8A45A6E6C450}.Debug|ARM64.ActiveCfg = Release|x64
		{A49B1604-5C02-3455-8543-8A45A6E6C450}.Debug|ARM64.Build.0 = Release|x64
		{A49B1604-5C02-3455-8543-8A45A6E6C450}.Debug|x64.ActiveCfg = Release|x64
		{A49B1604-5C02-3455-8543-8A45A6E6C450}.Debug|x64.Build.0 = Release|x64
		{A49B1604-5C02-3455-8543-8A45A6E6C450}.Debug|x86.ActiveCfg = Release|x64
		{A49B1604-5C02-3455-8543-8A45A6E6C450}.Debug|x86.Build.0 = Release|x64
		{A49B1604-5C02-3455-8543-8A45A6E6C450}.Release|ARM.ActiveCfg = Release|x64
		{A49B1604-5C02-3455-8543-8A45A6E6C450}.Release|ARM.Build.0 = Release|x64
		{A49B1604-5C02-3455-8543-8A45A6E6C450}.Release|ARM64.ActiveCfg = Release|x64
		{A49B1604-5C02-3455-8543-8A45A6E6C450}.Release|x64.ActiveCfg = Release|x64
		{A49B1604-5C02-3455-8543-8A45A6E6C450}.Release|x64.Build.0 = Release|x64
		{A49B1604-5C02-3455-8543-8A45A6E6C450}.Release|x86.ActiveCfg = Release|x64
		{A49B1604-5C02-3455-8543-8A45A6E6C450}.Release|x86.Build.0 = Release|x64
		{EAC808E4-37A9-4C48-833B-A125CB1AA4AD}.Debug|ARM.ActiveCfg = Debug|Any CPU
		{EAC808E4-37A9-4C48-833B-A125CB1AA4AD}.Debug|ARM.Build.0 = Debug|Any CPU
		{EAC808E4-37A9-4C48-833B-A125CB1AA4AD}.Debug|ARM64.ActiveCfg = Debug|x64
		{EAC808E4-37A9-4C48-833B-A125CB1AA4AD}.Debug|ARM64.Build.0 = Debug|x64
		{EAC808E4-37A9-4C48-833B-A125CB1AA4AD}.Debug|x64.ActiveCfg = Debug|x64
		{EAC808E4-37A9-4C48-833B-A125CB1AA4AD}.Debug|x64.Build.0 = Debug|x64
		{EAC808E4-37A9-4C48-833B-A125CB1AA4AD}.Debug|x86.ActiveCfg = Debug|Any CPU
		{EAC808E4-37A9-4C48-833B-A125CB1AA4AD}.Debug|x86.Build.0 = Debug|Any CPU
		{EAC808E4-37A9-4C48-833B-A125CB1AA4AD}.Release|ARM.ActiveCfg = Release|Any CPU
		{EAC808E4-37A9-4C48-833B-A125CB1AA4AD}.Release|ARM.Build.0 = Release|Any CPU
		{EAC808E4-37A9-4C48-833B-A125CB1AA4AD}.Release|ARM64.ActiveCfg = Release|Any CPU
		{EAC808E4-37A9-4C48-833B-A125CB1AA4AD}.Release|ARM64.Build.0 = Release|Any CPU
		{EAC808E4-37A9-4C48-833B-A125CB1AA4AD}.Release|x64.ActiveCfg = Release|x64
		{EAC808E4-37A9-4C48-833B-A125CB1AA4AD}.Release|x64.Build.0 = Release|x64
		{EAC808E4-37A9-4C48-833B-A125CB1AA4AD}.Release|x86.ActiveCfg = Release|Any CPU
		{EAC808E4-37A9-4C48-833B-A125CB1AA4AD}.Release|x86.Build.0 = Release|Any CPU
		{14C304D7-804E-729B-895F-F58FF569CE9B}.Debug|ARM.ActiveCfg = Debug|ARM
		{14C304D7-804E-729B-895F-F58FF569CE9B}.Debug|ARM.Build.0 = Debug|ARM
		{14C304D7-804E-729B-895F-F58FF569CE9B}.Debug|ARM64.ActiveCfg = Debug|Win32
		{14C304D7-804E-729B-895F-F58FF569CE9B}.Debug|x64.ActiveCfg = Debug|x64
		{14C304D7-804E-729B-895F-F58FF569CE9B}.Debug|x64.Build.0 = Debug|x64
		{14C304D7-804E-729B-895F-F58FF569CE9B}.Debug|x86.ActiveCfg = Debug|Win32
		{14C304D7-804E-729B-895F-F58FF569CE9B}.Debug|x86.Build.0 = Debug|Win32
		{14C304D7-804E-729B-895F-F58FF569CE9B}.Release|ARM.ActiveCfg = Release|ARM
		{14C304D7-804E-729B-895F-F58FF569CE9B}.Release|ARM.Build.0 = Release|ARM
		{14C304D7-804E-729B-895F-F58FF569CE9B}.Release|ARM64.ActiveCfg = Release|Win32
		{14C304D7-804E-729B-895F-F58FF569CE9B}.Release|x64.ActiveCfg = Release|x64
		{14C304D7-804E-729B-895F-F58FF569CE9B}.Release|x64.Build.0 = Release|x64
		{14C304D7-804E-729B-895F-F58FF569CE9B}.Release|x86.ActiveCfg = Release|Win32
		{14C304D7-804E-729B-895F-F58FF569CE9B}.Release|x86.Build.0 = Release|Win32
		{5417393A-BA14-4C40-AAC7-9FD5A5EC9278}.Debug|ARM.ActiveCfg = Debug|ARM
		{5417393A-BA14-4C40-AAC7-9FD5A5EC9278}.Debug|ARM.Build.0 = Debug|ARM
		{5417393A-BA14-4C40-AAC7-9FD5A5EC9278}.Debug|ARM.Deploy.0 = Debug|ARM
		{5417393A-BA14-4C40-AAC7-9FD5A5EC9278}.Debug|ARM64.ActiveCfg = Debug|x64
		{5417393A-BA14-4C40-AAC7-9FD5A5EC9278}.Debug|x64.ActiveCfg = Debug|x64
		{5417393A-BA14-4C40-AAC7-9FD5A5EC9278}.Debug|x64.Build.0 = Debug|x64
		{5417393A-BA14-4C40-AAC7-9FD5A5EC9278}.Debug|x64.Deploy.0 = Debug|x64
		{5417393A-BA14-4C40-AAC7-9FD5A5EC9278}.Debug|x86.ActiveCfg = Debug|x64
		{5417393A-BA14-4C40-AAC7-9FD5A5EC9278}.Debug|x86.Build.0 = Debug|x64
		{5417393A-BA14-4C40-AAC7-9FD5A5EC9278}.Debug|x86.Deploy.0 = Debug|x64
		{5417393A-BA14-4C40-AAC7-9FD5A5EC9278}.Release|ARM.ActiveCfg = Release|ARM
		{5417393A-BA14-4C40-AAC7-9FD5A5EC9278}.Release|ARM.Build.0 = Release|ARM
		{5417393A-BA14-4C40-AAC7-9FD5A5EC9278}.Release|ARM.Deploy.0 = Release|ARM
		{5417393A-BA14-4C40-AAC7-9FD5A5EC9278}.Release|ARM64.ActiveCfg = Release|x64
		{5417393A-BA14-4C40-AAC7-9FD5A5EC9278}.Release|x64.ActiveCfg = Release|x64
		{5417393A-BA14-4C40-AAC7-9FD5A5EC9278}.Release|x64.Build.0 = Release|x64
		{5417393A-BA14-4C40-AAC7-9FD5A5EC9278}.Release|x64.Deploy.0 = Release|x64
		{5417393A-BA14-4C40-AAC7-9FD5A5EC9278}.Release|x86.ActiveCfg = Release|x64
		{5417393A-BA14-4C40-AAC7-9FD5A5EC9278}.Release|x86.Build.0 = Release|x64
		{5417393A-BA14-4C40-AAC7-9FD5A5EC9278}.Release|x86.Deploy.0 = Release|x64
		{5AC5DA1A-BB1C-419E-A8F6-ECE12B62E731}.Debug|ARM.ActiveCfg = Debug|Any CPU
		{5AC5DA1A-BB1C-419E-A8F6-ECE12B62E731}.Debug|ARM.Build.0 = Debug|Any CPU
		{5AC5DA1A-BB1C-419E-A8F6-ECE12B62E731}.Debug|ARM64.ActiveCfg = Debug|x64
		{5AC5DA1A-BB1C-419E-A8F6-ECE12B62E731}.Debug|ARM64.Build.0 = Debug|x64
		{5AC5DA1A-BB1C-419E-A8F6-ECE12B62E731}.Debug|x64.ActiveCfg = Debug|x64
		{5AC5DA1A-BB1C-419E-A8F6-ECE12B62E731}.Debug|x64.Build.0 = Debug|x64
		{5AC5DA1A-BB1C-419E-A8F6-ECE12B62E731}.Debug|x86.ActiveCfg = Debug|Any CPU
		{5AC5DA1A-BB1C-419E-A8F6-ECE12B62E731}.Debug|x86.Build.0 = Debug|Any CPU
		{5AC5DA1A-BB1C-419E-A8F6-ECE12B62E731}.Release|ARM.ActiveCfg = Release|Any CPU
		{5AC5DA1A-BB1C-419E-A8F6-ECE12B62E731}.Release|ARM.Build.0 = Release|Any CPU
		{5AC5DA1A-BB1C-419E-A8F6-ECE12B62E731}.Release|ARM64.ActiveCfg = Release|Any CPU
		{5AC5DA1A-BB1C-419E-A8F6-ECE12B62E731}.Release|ARM64.Build.0 = Release|Any CPU
		{5AC5DA1A-BB1C-419E-A8F6-ECE12B62E731}.Release|x64.ActiveCfg = Release|x64
		{5AC5DA1A-BB1C-419E-A8F6-ECE12B62E731}.Release|x64.Build.0 = Release|x64
		{5AC5DA1A-BB1C-419E-A8F6-ECE12B62E731}.Release|x86.ActiveCfg = Release|Any CPU
		{5AC5DA1A-BB1C-419E-A8F6-ECE12B62E731}.Release|x86.Build.0 = Release|Any CPU
		{1479C4F8-80D1-4313-9657-ACC6FB8815EB}.Debug|ARM.ActiveCfg = Debug|Any CPU
		{1479C4F8-80D1-4313-9657-ACC6FB8815EB}.Debug|ARM.Build.0 = Debug|Any CPU
		{1479C4F8-80D1-4313-9657-ACC6FB8815EB}.Debug|ARM64.ActiveCfg = Debug|x64
		{1479C4F8-80D1-4313-9657-ACC6FB8815EB}.Debug|ARM64.Build.0 = Debug|x64
		{1479C4F8-80D1-4313-9657-ACC6FB8815EB}.Debug|x64.ActiveCfg = Debug|x64
		{1479C4F8-80D1-4313-9657-ACC6FB8815EB}.Debug|x64.Build.0 = Debug|x64
		{1479C4F8-80D1-4313-9657-ACC6FB8815EB}.Debug|x86.ActiveCfg = Debug|Any CPU
		{1479C4F8-80D1-4313-9657-ACC6FB8815EB}.Debug|x86.Build.0 = Debug|Any CPU
		{1479C4F8-80D1-4313-9657-ACC6FB8815EB}.Release|ARM.ActiveCfg = Release|Any CPU
		{1479C4F8-80D1-4313-9657-ACC6FB8815EB}.Release|ARM.Build.0 = Release|Any CPU
		{1479C4F8-80D1-4313-9657-ACC6FB8815EB}.Release|ARM64.ActiveCfg = Release|Any CPU
		{1479C4F8-80D1-4313-9657-ACC6FB8815EB}.Release|ARM64.Build.0 = Release|Any CPU
		{1479C4F8-80D1-4313-9657-ACC6FB8815EB}.Release|x64.ActiveCfg = Release|x64
		{1479C4F8-80D1-4313-9657-ACC6FB8815EB}.Release|x64.Build.0 = Release|x64
		{1479C4F8-80D1-4313-9657-ACC6FB8815EB}.Release|x86.ActiveCfg = Release|Any CPU
		{1479C4F8-80D1-4313-9657-ACC6FB8815EB}.Release|x86.Build.0 = Release|Any CPU
	EndGlobalSection
	GlobalSection(SolutionProperties) = preSolution
		HideSolutionNode = FALSE
	EndGlobalSection
	GlobalSection(NestedProjects) = preSolution
		{A49B1604-5C02-3455-8543-8A45A6E6C450} = {67F4E20B-24FA-4ACE-80C1-529222FC311E}
		{14C304D7-804E-729B-895F-F58FF569CE9B} = {67F4E20B-24FA-4ACE-80C1-529222FC311E}
	EndGlobalSection
	GlobalSection(ExtensibilityGlobals) = postSolution
		SolutionGuid = {D50DA316-1FA2-405C-879A-AA4D7E3309CB}
	EndGlobalSection
EndGlobal
