
Microsoft Visual Studio Solution File, Format Version 12.00
# Visual Studio 15
VisualStudioVersion = 15.0.27130.2036
MinimumVisualStudioVersion = 10.0.40219.1
Project("{8BC9CEB8-8B4A-11D0-8D11-00A0C91BC942}") = "freetype", "Engine\External\FreeType\freetype.WinRT.vcxproj", "{9DE0569D-AF40-484F-9198-1653FFD7AA06}"
EndProject
Project("{8BC9CEB8-8B4A-11D0-8D11-00A0C91BC942}") = "FreeImage", "Engine\External\FreeImage\FreeImage.WinRT.vcxproj", "{D1EC94B7-B2C3-45F2-93B5-0C15BCECF5BA}"
EndProject
Project("{8BC9CEB8-8B4A-11D0-8D11-00A0C91BC942}") = "NeoAxisCoreNative", "Engine\NeoAxis.Core.Native\NeoAxisCoreNative.WinRT.vcxproj", "{A49B1604-5C02-3455-8543-8A45A6E6C450}"
	ProjectSection(ProjectDependencies) = postProject
		{BEDA4F3A-03D1-4540-9459-86E9BEE622E7} = {BEDA4F3A-03D1-4540-9459-86E9BEE622E7}
		{A44D6783-B55E-4480-AC1B-FA1235B18AC7} = {A44D6783-B55E-4480-AC1B-FA1235B18AC7}
		{F1D1AA8B-AED8-4538-A5AC-1D7C7B0EAF46} = {F1D1AA8B-AED8-4538-A5AC-1D7C7B0EAF46}
		{9DE0569D-AF40-484F-9198-1653FFD7AA06} = {9DE0569D-AF40-484F-9198-1653FFD7AA06}
		{D1EC94B7-B2C3-45F2-93B5-0C15BCECF5BA} = {D1EC94B7-B2C3-45F2-93B5-0C15BCECF5BA}
		{E598D9D7-63C8-49AD-9226-5799A4E2D185} = {E598D9D7-63C8-49AD-9226-5799A4E2D185}
	EndProjectSection
EndProject
Project("{FAE04EC0-301F-11D3-BF4B-00C04F79EFBC}") = "NeoAxis.Core.UWP", "Engine\NeoAxis.Core\NeoAxis.Core.UWP.csproj", "{EAC808E4-37A9-4C48-833B-A125CB1AA4AD}"
EndProject
Project("{2150E333-8FDC-42A3-9474-1A3956D46DE8}") = "Native", "Native", "{67F4E20B-24FA-4ACE-80C1-529222FC311E}"
EndProject
Project("{8BC9CEB8-8B4A-11D0-8D11-00A0C91BC942}") = "bgfx-shared-lib", "Engine\External\bgfx\bgfx\.build\projects\vs2017-winstore100\bgfx-shared-lib.vcxproj", "{14C304D7-804E-729B-895F-F58FF569CE9B}"
	ProjectSection(ProjectDependencies) = postProject
		{FF44D591-6B24-542D-743C-DF03E09ABA8E} = {FF44D591-6B24-542D-743C-DF03E09ABA8E}
	EndProjectSection
EndProject
Project("{8BC9CEB8-8B4A-11D0-8D11-00A0C91BC942}") = "bimg", "Engine\External\bgfx\bgfx\.build\projects\vs2017-winstore100\bimg.vcxproj", "{C499947C-B0D0-950D-59BD-7B1045D3110F}"
EndProject
Project("{8BC9CEB8-8B4A-11D0-8D11-00A0C91BC942}") = "bx", "Engine\External\bgfx\bgfx\.build\projects\vs2017-winstore100\bx.vcxproj", "{5F775900-4B03-880B-B4B1-880BA05C880B}"
EndProject
Project("{8BC9CEB8-8B4A-11D0-8D11-00A0C91BC942}") = "shaderc", "Engine\External\bgfx\bgfx\.build\projects\vs2017-winstore100\shaderc.vcxproj", "{FF44D591-6B24-542D-743C-DF03E09ABA8E}"
EndProject
Project("{8BC9CEB8-8B4A-11D0-8D11-00A0C91BC942}") = "fcpp", "Engine\External\bgfx\bgfx\.build\projects\vs2017-winstore100\fcpp.vcxproj", "{2EB2967C-1AE9-970D-C3D5-7D10AFEB130F}"
EndProject
Project("{8BC9CEB8-8B4A-11D0-8D11-00A0C91BC942}") = "glslang", "Engine\External\bgfx\bgfx\.build\projects\vs2017-winstore100\glslang.vcxproj", "{0D19B900-79F8-379C-8210-C372EE6E9EFD}"
EndProject
Project("{2150E333-8FDC-42A3-9474-1A3956D46DE8}") = "bgfx", "bgfx", "{A5EF99BC-AB28-4A4A-B173-75D39199DDA2}"
EndProject
Project("{FAE04EC0-301F-11D3-BF4B-00C04F79EFBC}") = "NeoAxis.Player.UWP", "..\Project\Sources\NeoAxis.Player.UWP\NeoAxis.Player.UWP.csproj", "{5417393A-BA14-4C40-AAC7-9FD5A5EC9278}"
	ProjectSection(ProjectDependencies) = postProject
		{4C1F9DB1-8676-4F25-AA95-799457804F53} = {4C1F9DB1-8676-4F25-AA95-799457804F53}
		{86838AB4-CE16-447B-A215-DB9D6BA7E97A} = {86838AB4-CE16-447B-A215-DB9D6BA7E97A}
		{EAC808E4-37A9-4C48-833B-A125CB1AA4AD} = {EAC808E4-37A9-4C48-833B-A125CB1AA4AD}
	EndProjectSection
EndProject
Project("{FAE04EC0-301F-11D3-BF4B-00C04F79EFBC}") = "NeoAxis.Implementation.UWP", "Engine\NeoAxis.Implementation.UWP\NeoAxis.Implementation.UWP.csproj", "{86838AB4-CE16-447B-A215-DB9D6BA7E97A}"
EndProject
Project("{8BC9CEB8-8B4A-11D0-8D11-00A0C91BC942}") = "libogg", "Engine\External\OggVorbisTheora\libogg\win32\VS2003\libogg\libogg.UWP_x64.vcxproj", "{E598D9D7-63C8-49AD-9226-5799A4E2D185}"
EndProject
Project("{8BC9CEB8-8B4A-11D0-8D11-00A0C91BC942}") = "libtheora", "Engine\External\OggVorbisTheora\libtheora\win32\VS2005\libtheora\libtheora.UWP_x64.vcxproj", "{BEDA4F3A-03D1-4540-9459-86E9BEE622E7}"
EndProject
Project("{8BC9CEB8-8B4A-11D0-8D11-00A0C91BC942}") = "libvorbis", "Engine\External\OggVorbisTheora\libvorbis\win32\VS2003\libvorbis\libvorbis.UWP_x64.vcxproj", "{A44D6783-B55E-4480-AC1B-FA1235B18AC7}"
EndProject
Project("{8BC9CEB8-8B4A-11D0-8D11-00A0C91BC942}") = "libvorbisfile", "Engine\External\OggVorbisTheora\libvorbis\win32\VS2003\libvorbisfile\libvorbisfile.UWP_x64.vcxproj", "{F1D1AA8B-AED8-4538-A5AC-1D7C7B0EAF46}"
EndProject
Project("{8BC9CEB8-8B4A-11D0-8D11-00A0C91BC942}") = "OpenAL32", "Engine\External\OpenALSoft\build\OpenAL.UWP_x64.vcxproj", "{4C1F9DB1-8676-4F25-AA95-799457804F53}"
EndProject
Project("{8BC9CEB8-8B4A-11D0-8D11-00A0C91BC942}") = "libbulletc", "Engine\External\Bullet\BulletSharpPInvoke\libbulletc\build\libbulletc.UWP_x64.vcxproj", "{CAE16A26-6C73-4BBB-B044-0A1AB1E9BA51}"
EndProject
Global
	GlobalSection(SolutionConfigurationPlatforms) = preSolution
		Debug|ARM = Debug|ARM
		Debug|ARM64 = Debug|ARM64
		Debug|x64 = Debug|x64
		Debug|x86 = Debug|x86
		Release|ARM = Release|ARM
		Release|ARM64 = Release|ARM64
		Release|x64 = Release|x64
		Release|x86 = Release|x86
	EndGlobalSection
	GlobalSection(ProjectConfigurationPlatforms) = postSolution
		{9DE0569D-AF40-484F-9198-1653FFD7AA06}.Debug|ARM.ActiveCfg = Release|ARM
		{9DE0569D-AF40-484F-9198-1653FFD7AA06}.Debug|ARM.Build.0 = Release|ARM
		{9DE0569D-AF40-484F-9198-1653FFD7AA06}.Debug|ARM64.ActiveCfg = Release|Win32
		{9DE0569D-AF40-484F-9198-1653FFD7AA06}.Debug|ARM64.Build.0 = Release|Win32
		{9DE0569D-AF40-484F-9198-1653FFD7AA06}.Debug|x64.ActiveCfg = Release|x64
		{9DE0569D-AF40-484F-9198-1653FFD7AA06}.Debug|x64.Build.0 = Release|x64
		{9DE0569D-AF40-484F-9198-1653FFD7AA06}.Debug|x86.ActiveCfg = Release|Win32
		{9DE0569D-AF40-484F-9198-1653FFD7AA06}.Debug|x86.Build.0 = Release|Win32
		{9DE0569D-AF40-484F-9198-1653FFD7AA06}.Release|ARM.ActiveCfg = Release|ARM
		{9DE0569D-AF40-484F-9198-1653FFD7AA06}.Release|ARM.Build.0 = Release|ARM
		{9DE0569D-AF40-484F-9198-1653FFD7AA06}.Release|ARM64.ActiveCfg = Release|Win32
		{9DE0569D-AF40-484F-9198-1653FFD7AA06}.Release|x64.ActiveCfg = Release|x64
		{9DE0569D-AF40-484F-9198-1653FFD7AA06}.Release|x64.Build.0 = Release|x64
		{9DE0569D-AF40-484F-9198-1653FFD7AA06}.Release|x86.ActiveCfg = Release|Win32
		{9DE0569D-AF40-484F-9198-1653FFD7AA06}.Release|x86.Build.0 = Release|Win32
		{D1EC94B7-B2C3-45F2-93B5-0C15BCECF5BA}.Debug|ARM.ActiveCfg = Release|ARM
		{D1EC94B7-B2C3-45F2-93B5-0C15BCECF5BA}.Debug|ARM.Build.0 = Release|ARM
		{D1EC94B7-B2C3-45F2-93B5-0C15BCECF5BA}.Debug|ARM64.ActiveCfg = Release|Win32
		{D1EC94B7-B2C3-45F2-93B5-0C15BCECF5BA}.Debug|ARM64.Build.0 = Release|Win32
		{D1EC94B7-B2C3-45F2-93B5-0C15BCECF5BA}.Debug|x64.ActiveCfg = Release|x64
		{D1EC94B7-B2C3-45F2-93B5-0C15BCECF5BA}.Debug|x64.Build.0 = Release|x64
		{D1EC94B7-B2C3-45F2-93B5-0C15BCECF5BA}.Debug|x86.ActiveCfg = Release|Win32
		{D1EC94B7-B2C3-45F2-93B5-0C15BCECF5BA}.Debug|x86.Build.0 = Release|Win32
		{D1EC94B7-B2C3-45F2-93B5-0C15BCECF5BA}.Release|ARM.ActiveCfg = Release|ARM
		{D1EC94B7-B2C3-45F2-93B5-0C15BCECF5BA}.Release|ARM.Build.0 = Release|ARM
		{D1EC94B7-B2C3-45F2-93B5-0C15BCECF5BA}.Release|ARM64.ActiveCfg = Release|Win32
		{D1EC94B7-B2C3-45F2-93B5-0C15BCECF5BA}.Release|x64.ActiveCfg = Release|x64
		{D1EC94B7-B2C3-45F2-93B5-0C15BCECF5BA}.Release|x64.Build.0 = Release|x64
		{D1EC94B7-B2C3-45F2-93B5-0C15BCECF5BA}.Release|x86.ActiveCfg = Release|Win32
		{D1EC94B7-B2C3-45F2-93B5-0C15BCECF5BA}.Release|x86.Build.0 = Release|Win32
		{A49B1604-5C02-3455-8543-8A45A6E6C450}.Debug|ARM.ActiveCfg = Release|x64
		{A49B1604-5C02-3455-8543-8A45A6E6C450}.Debug|ARM.Build.0 = Release|x64
		{A49B1604-5C02-3455-8543-8A45A6E6C450}.Debug|ARM64.ActiveCfg = Release|x64
		{A49B1604-5C02-3455-8543-8A45A6E6C450}.Debug|ARM64.Build.0 = Release|x64
		{A49B1604-5C02-3455-8543-8A45A6E6C450}.Debug|x64.ActiveCfg = Release|x64
		{A49B1604-5C02-3455-8543-8A45A6E6C450}.Debug|x64.Build.0 = Release|x64
		{A49B1604-5C02-3455-8543-8A45A6E6C450}.Debug|x86.ActiveCfg = Release|x64
		{A49B1604-5C02-3455-8543-8A45A6E6C450}.Debug|x86.Build.0 = Release|x64
		{A49B1604-5C02-3455-8543-8A45A6E6C450}.Release|ARM.ActiveCfg = Release|x64
		{A49B1604-5C02-3455-8543-8A45A6E6C450}.Release|ARM64.ActiveCfg = Release|x64
		{A49B1604-5C02-3455-8543-8A45A6E6C450}.Release|x64.ActiveCfg = Release|x64
		{A49B1604-5C02-3455-8543-8A45A6E6C450}.Release|x64.Build.0 = Release|x64
		{A49B1604-5C02-3455-8543-8A45A6E6C450}.Release|x86.ActiveCfg = Release|x64
		{EAC808E4-37A9-4C48-833B-A125CB1AA4AD}.Debug|ARM.ActiveCfg = Debug|Any CPU
		{EAC808E4-37A9-4C48-833B-A125CB1AA4AD}.Debug|ARM.Build.0 = Debug|Any CPU
		{EAC808E4-37A9-4C48-833B-A125CB1AA4AD}.Debug|ARM64.ActiveCfg = Debug|Any CPU
		{EAC808E4-37A9-4C48-833B-A125CB1AA4AD}.Debug|ARM64.Build.0 = Debug|Any CPU
		{EAC808E4-37A9-4C48-833B-A125CB1AA4AD}.Debug|x64.ActiveCfg = Debug|x64
		{EAC808E4-37A9-4C48-833B-A125CB1AA4AD}.Debug|x64.Build.0 = Debug|x64
		{EAC808E4-37A9-4C48-833B-A125CB1AA4AD}.Debug|x86.ActiveCfg = Debug|Any CPU
		{EAC808E4-37A9-4C48-833B-A125CB1AA4AD}.Debug|x86.Build.0 = Debug|Any CPU
		{EAC808E4-37A9-4C48-833B-A125CB1AA4AD}.Release|ARM.ActiveCfg = Release|Any CPU
		{EAC808E4-37A9-4C48-833B-A125CB1AA4AD}.Release|ARM.Build.0 = Release|Any CPU
		{EAC808E4-37A9-4C48-833B-A125CB1AA4AD}.Release|ARM64.ActiveCfg = Release|Any CPU
		{EAC808E4-37A9-4C48-833B-A125CB1AA4AD}.Release|ARM64.Build.0 = Release|Any CPU
		{EAC808E4-37A9-4C48-833B-A125CB1AA4AD}.Release|x64.ActiveCfg = Release|x64
		{EAC808E4-37A9-4C48-833B-A125CB1AA4AD}.Release|x64.Build.0 = Release|x64
		{EAC808E4-37A9-4C48-833B-A125CB1AA4AD}.Release|x86.ActiveCfg = Release|Any CPU
		{EAC808E4-37A9-4C48-833B-A125CB1AA4AD}.Release|x86.Build.0 = Release|Any CPU
		{14C304D7-804E-729B-895F-F58FF569CE9B}.Debug|ARM.ActiveCfg = Debug|ARM
		{14C304D7-804E-729B-895F-F58FF569CE9B}.Debug|ARM.Build.0 = Debug|ARM
		{14C304D7-804E-729B-895F-F58FF569CE9B}.Debug|ARM64.ActiveCfg = Debug|Win32
		{14C304D7-804E-729B-895F-F58FF569CE9B}.Debug|x64.ActiveCfg = Debug|x64
		{14C304D7-804E-729B-895F-F58FF569CE9B}.Debug|x64.Build.0 = Debug|x64
		{14C304D7-804E-729B-895F-F58FF569CE9B}.Debug|x86.ActiveCfg = Debug|Win32
		{14C304D7-804E-729B-895F-F58FF569CE9B}.Debug|x86.Build.0 = Debug|Win32
		{14C304D7-804E-729B-895F-F58FF569CE9B}.Release|ARM.ActiveCfg = Release|ARM
		{14C304D7-804E-729B-895F-F58FF569CE9B}.Release|ARM.Build.0 = Release|ARM
		{14C304D7-804E-729B-895F-F58FF569CE9B}.Release|ARM64.ActiveCfg = Release|Win32
		{14C304D7-804E-729B-895F-F58FF569CE9B}.Release|x64.ActiveCfg = Release|x64
		{14C304D7-804E-729B-895F-F58FF569CE9B}.Release|x64.Build.0 = Release|x64
		{14C304D7-804E-729B-895F-F58FF569CE9B}.Release|x86.ActiveCfg = Release|Win32
		{14C304D7-804E-729B-895F-F58FF569CE9B}.Release|x86.Build.0 = Release|Win32
		{C499947C-B0D0-950D-59BD-7B1045D3110F}.Debug|ARM.ActiveCfg = Debug|ARM
		{C499947C-B0D0-950D-59BD-7B1045D3110F}.Debug|ARM.Build.0 = Debug|ARM
		{C499947C-B0D0-950D-59BD-7B1045D3110F}.Debug|ARM64.ActiveCfg = Debug|Win32
		{C499947C-B0D0-950D-59BD-7B1045D3110F}.Debug|x64.ActiveCfg = Debug|x64
		{C499947C-B0D0-950D-59BD-7B1045D3110F}.Debug|x64.Build.0 = Debug|x64
		{C499947C-B0D0-950D-59BD-7B1045D3110F}.Debug|x86.ActiveCfg = Debug|Win32
		{C499947C-B0D0-950D-59BD-7B1045D3110F}.Debug|x86.Build.0 = Debug|Win32
		{C499947C-B0D0-950D-59BD-7B1045D3110F}.Release|ARM.ActiveCfg = Release|ARM
		{C499947C-B0D0-950D-59BD-7B1045D3110F}.Release|ARM.Build.0 = Release|ARM
		{C499947C-B0D0-950D-59BD-7B1045D3110F}.Release|ARM64.ActiveCfg = Release|Win32
		{C499947C-B0D0-950D-59BD-7B1045D3110F}.Release|x64.ActiveCfg = Release|x64
		{C499947C-B0D0-950D-59BD-7B1045D3110F}.Release|x64.Build.0 = Release|x64
		{C499947C-B0D0-950D-59BD-7B1045D3110F}.Release|x86.ActiveCfg = Release|Win32
		{C499947C-B0D0-950D-59BD-7B1045D3110F}.Release|x86.Build.0 = Release|Win32
		{5F775900-4B03-880B-B4B1-880BA05C880B}.Debug|ARM.ActiveCfg = Debug|ARM
		{5F775900-4B03-880B-B4B1-880BA05C880B}.Debug|ARM.Build.0 = Debug|ARM
		{5F775900-4B03-880B-B4B1-880BA05C880B}.Debug|ARM64.ActiveCfg = Debug|Win32
		{5F775900-4B03-880B-B4B1-880BA05C880B}.Debug|x64.ActiveCfg = Debug|x64
		{5F775900-4B03-880B-B4B1-880BA05C880B}.Debug|x64.Build.0 = Debug|x64
		{5F775900-4B03-880B-B4B1-880BA05C880B}.Debug|x86.ActiveCfg = Debug|Win32
		{5F775900-4B03-880B-B4B1-880BA05C880B}.Debug|x86.Build.0 = Debug|Win32
		{5F775900-4B03-880B-B4B1-880BA05C880B}.Release|ARM.ActiveCfg = Release|ARM
		{5F775900-4B03-880B-B4B1-880BA05C880B}.Release|ARM.Build.0 = Release|ARM
		{5F775900-4B03-880B-B4B1-880BA05C880B}.Release|ARM64.ActiveCfg = Release|Win32
		{5F775900-4B03-880B-B4B1-880BA05C880B}.Release|x64.ActiveCfg = Release|x64
		{5F775900-4B03-880B-B4B1-880BA05C880B}.Release|x64.Build.0 = Release|x64
		{5F775900-4B03-880B-B4B1-880BA05C880B}.Release|x86.ActiveCfg = Release|Win32
		{5F775900-4B03-880B-B4B1-880BA05C880B}.Release|x86.Build.0 = Release|Win32
		{FF44D591-6B24-542D-743C-DF03E09ABA8E}.Debug|ARM.ActiveCfg = Debug|ARM
		{FF44D591-6B24-542D-743C-DF03E09ABA8E}.Debug|ARM.Build.0 = Debug|ARM
		{FF44D591-6B24-542D-743C-DF03E09ABA8E}.Debug|ARM.Deploy.0 = Debug|ARM
		{FF44D591-6B24-542D-743C-DF03E09ABA8E}.Debug|ARM64.ActiveCfg = Debug|Win32
		{FF44D591-6B24-542D-743C-DF03E09ABA8E}.Debug|x64.ActiveCfg = Debug|x64
		{FF44D591-6B24-542D-743C-DF03E09ABA8E}.Debug|x64.Build.0 = Debug|x64
		{FF44D591-6B24-542D-743C-DF03E09ABA8E}.Debug|x86.ActiveCfg = Debug|Win32
		{FF44D591-6B24-542D-743C-DF03E09ABA8E}.Debug|x86.Build.0 = Debug|Win32
		{FF44D591-6B24-542D-743C-DF03E09ABA8E}.Debug|x86.Deploy.0 = Debug|Win32
		{FF44D591-6B24-542D-743C-DF03E09ABA8E}.Release|ARM.ActiveCfg = Release|ARM
		{FF44D591-6B24-542D-743C-DF03E09ABA8E}.Release|ARM.Build.0 = Release|ARM
		{FF44D591-6B24-542D-743C-DF03E09ABA8E}.Release|ARM.Deploy.0 = Release|ARM
		{FF44D591-6B24-542D-743C-DF03E09ABA8E}.Release|ARM64.ActiveCfg = Release|Win32
		{FF44D591-6B24-542D-743C-DF03E09ABA8E}.Release|x64.ActiveCfg = Release|x64
		{FF44D591-6B24-542D-743C-DF03E09ABA8E}.Release|x64.Build.0 = Release|x64
		{FF44D591-6B24-542D-743C-DF03E09ABA8E}.Release|x86.ActiveCfg = Release|Win32
		{FF44D591-6B24-542D-743C-DF03E09ABA8E}.Release|x86.Build.0 = Release|Win32
		{FF44D591-6B24-542D-743C-DF03E09ABA8E}.Release|x86.Deploy.0 = Release|Win32
		{2EB2967C-1AE9-970D-C3D5-7D10AFEB130F}.Debug|ARM.ActiveCfg = Debug|ARM
		{2EB2967C-1AE9-970D-C3D5-7D10AFEB130F}.Debug|ARM.Build.0 = Debug|ARM
		{2EB2967C-1AE9-970D-C3D5-7D10AFEB130F}.Debug|ARM64.ActiveCfg = Debug|Win32
		{2EB2967C-1AE9-970D-C3D5-7D10AFEB130F}.Debug|x64.ActiveCfg = Debug|x64
		{2EB2967C-1AE9-970D-C3D5-7D10AFEB130F}.Debug|x64.Build.0 = Debug|x64
		{2EB2967C-1AE9-970D-C3D5-7D10AFEB130F}.Debug|x86.ActiveCfg = Debug|Win32
		{2EB2967C-1AE9-970D-C3D5-7D10AFEB130F}.Debug|x86.Build.0 = Debug|Win32
		{2EB2967C-1AE9-970D-C3D5-7D10AFEB130F}.Release|ARM.ActiveCfg = Release|ARM
		{2EB2967C-1AE9-970D-C3D5-7D10AFEB130F}.Release|ARM.Build.0 = Release|ARM
		{2EB2967C-1AE9-970D-C3D5-7D10AFEB130F}.Release|ARM64.ActiveCfg = Release|Win32
		{2EB2967C-1AE9-970D-C3D5-7D10AFEB130F}.Release|x64.ActiveCfg = Release|x64
		{2EB2967C-1AE9-970D-C3D5-7D10AFEB130F}.Release|x64.Build.0 = Release|x64
		{2EB2967C-1AE9-970D-C3D5-7D10AFEB130F}.Release|x86.ActiveCfg = Release|Win32
		{2EB2967C-1AE9-970D-C3D5-7D10AFEB130F}.Release|x86.Build.0 = Release|Win32
		{0D19B900-79F8-379C-8210-C372EE6E9EFD}.Debug|ARM.ActiveCfg = Debug|ARM
		{0D19B900-79F8-379C-8210-C372EE6E9EFD}.Debug|ARM.Build.0 = Debug|ARM
		{0D19B900-79F8-379C-8210-C372EE6E9EFD}.Debug|ARM64.ActiveCfg = Debug|Win32
		{0D19B900-79F8-379C-8210-C372EE6E9EFD}.Debug|x64.ActiveCfg = Debug|x64
		{0D19B900-79F8-379C-8210-C372EE6E9EFD}.Debug|x64.Build.0 = Debug|x64
		{0D19B900-79F8-379C-8210-C372EE6E9EFD}.Debug|x86.ActiveCfg = Debug|Win32
		{0D19B900-79F8-379C-8210-C372EE6E9EFD}.Debug|x86.Build.0 = Debug|Win32
		{0D19B900-79F8-379C-8210-C372EE6E9EFD}.Release|ARM.ActiveCfg = Release|ARM
		{0D19B900-79F8-379C-8210-C372EE6E9EFD}.Release|ARM.Build.0 = Release|ARM
		{0D19B900-79F8-379C-8210-C372EE6E9EFD}.Release|ARM64.ActiveCfg = Release|Win32
		{0D19B900-79F8-379C-8210-C372EE6E9EFD}.Release|x64.ActiveCfg = Release|x64
		{0D19B900-79F8-379C-8210-C372EE6E9EFD}.Release|x64.Build.0 = Release|x64
		{0D19B900-79F8-379C-8210-C372EE6E9EFD}.Release|x86.ActiveCfg = Release|Win32
		{0D19B900-79F8-379C-8210-C372EE6E9EFD}.Release|x86.Build.0 = Release|Win32
		{5417393A-BA14-4C40-AAC7-9FD5A5EC9278}.Debug|ARM.ActiveCfg = Debug|ARM
		{5417393A-BA14-4C40-AAC7-9FD5A5EC9278}.Debug|ARM.Build.0 = Debug|ARM
		{5417393A-BA14-4C40-AAC7-9FD5A5EC9278}.Debug|ARM.Deploy.0 = Debug|ARM
		{5417393A-BA14-4C40-AAC7-9FD5A5EC9278}.Debug|ARM64.ActiveCfg = Debug|x64
		{5417393A-BA14-4C40-AAC7-9FD5A5EC9278}.Debug|x64.ActiveCfg = Debug|x64
		{5417393A-BA14-4C40-AAC7-9FD5A5EC9278}.Debug|x64.Build.0 = Debug|x64
		{5417393A-BA14-4C40-AAC7-9FD5A5EC9278}.Debug|x64.Deploy.0 = Debug|x64
		{5417393A-BA14-4C40-AAC7-9FD5A5EC9278}.Debug|x86.ActiveCfg = Debug|x64
		{5417393A-BA14-4C40-AAC7-9FD5A5EC9278}.Release|ARM.ActiveCfg = Release|ARM
		{5417393A-BA14-4C40-AAC7-9FD5A5EC9278}.Release|ARM.Build.0 = Release|ARM
		{5417393A-BA14-4C40-AAC7-9FD5A5EC9278}.Release|ARM.Deploy.0 = Release|ARM
		{5417393A-BA14-4C40-AAC7-9FD5A5EC9278}.Release|ARM64.ActiveCfg = Release|x64
		{5417393A-BA14-4C40-AAC7-9FD5A5EC9278}.Release|x64.ActiveCfg = Release|x64
		{5417393A-BA14-4C40-AAC7-9FD5A5EC9278}.Release|x64.Build.0 = Release|x64
		{5417393A-BA14-4C40-AAC7-9FD5A5EC9278}.Release|x64.Deploy.0 = Release|x64
		{5417393A-BA14-4C40-AAC7-9FD5A5EC9278}.Release|x86.ActiveCfg = Release|x64
		{86838AB4-CE16-447B-A215-DB9D6BA7E97A}.Debug|ARM.ActiveCfg = Debug|Any CPU
		{86838AB4-CE16-447B-A215-DB9D6BA7E97A}.Debug|ARM.Build.0 = Debug|Any CPU
		{86838AB4-CE16-447B-A215-DB9D6BA7E97A}.Debug|ARM64.ActiveCfg = Debug|Any CPU
		{86838AB4-CE16-447B-A215-DB9D6BA7E97A}.Debug|ARM64.Build.0 = Debug|Any CPU
		{86838AB4-CE16-447B-A215-DB9D6BA7E97A}.Debug|x64.ActiveCfg = Debug|x64
		{86838AB4-CE16-447B-A215-DB9D6BA7E97A}.Debug|x64.Build.0 = Debug|x64
		{86838AB4-CE16-447B-A215-DB9D6BA7E97A}.Debug|x86.ActiveCfg = Debug|Any CPU
		{86838AB4-CE16-447B-A215-DB9D6BA7E97A}.Debug|x86.Build.0 = Debug|Any CPU
		{86838AB4-CE16-447B-A215-DB9D6BA7E97A}.Release|ARM.ActiveCfg = Release|Any CPU
		{86838AB4-CE16-447B-A215-DB9D6BA7E97A}.Release|ARM.Build.0 = Release|Any CPU
		{86838AB4-CE16-447B-A215-DB9D6BA7E97A}.Release|ARM64.ActiveCfg = Release|Any CPU
		{86838AB4-CE16-447B-A215-DB9D6BA7E97A}.Release|ARM64.Build.0 = Release|Any CPU
		{86838AB4-CE16-447B-A215-DB9D6BA7E97A}.Release|x64.ActiveCfg = Release|x64
		{86838AB4-CE16-447B-A215-DB9D6BA7E97A}.Release|x64.Build.0 = Release|x64
		{86838AB4-CE16-447B-A215-DB9D6BA7E97A}.Release|x86.ActiveCfg = Release|Any CPU
		{86838AB4-CE16-447B-A215-DB9D6BA7E97A}.Release|x86.Build.0 = Release|Any CPU
		{E598D9D7-63C8-49AD-9226-5799A4E2D185}.Debug|ARM.ActiveCfg = Release|x64
		{E598D9D7-63C8-49AD-9226-5799A4E2D185}.Debug|ARM.Build.0 = Release|x64
		{E598D9D7-63C8-49AD-9226-5799A4E2D185}.Debug|ARM64.ActiveCfg = Release|x64
		{E598D9D7-63C8-49AD-9226-5799A4E2D185}.Debug|ARM64.Build.0 = Release|x64
		{E598D9D7-63C8-49AD-9226-5799A4E2D185}.Debug|x64.ActiveCfg = Release|x64
		{E598D9D7-63C8-49AD-9226-5799A4E2D185}.Debug|x64.Build.0 = Release|x64
		{E598D9D7-63C8-49AD-9226-5799A4E2D185}.Debug|x86.ActiveCfg = Release|x64
		{E598D9D7-63C8-49AD-9226-5799A4E2D185}.Debug|x86.Build.0 = Release|x64
		{E598D9D7-63C8-49AD-9226-5799A4E2D185}.Release|ARM.ActiveCfg = Release|x64
		{E598D9D7-63C8-49AD-9226-5799A4E2D185}.Release|ARM64.ActiveCfg = Release|x64
		{E598D9D7-63C8-49AD-9226-5799A4E2D185}.Release|x64.ActiveCfg = Release|x64
		{E598D9D7-63C8-49AD-9226-5799A4E2D185}.Release|x64.Build.0 = Release|x64
		{E598D9D7-63C8-49AD-9226-5799A4E2D185}.Release|x86.ActiveCfg = Release|x64
		{BEDA4F3A-03D1-4540-9459-86E9BEE622E7}.Debug|ARM.ActiveCfg = Release|x64
		{BEDA4F3A-03D1-4540-9459-86E9BEE622E7}.Debug|ARM.Build.0 = Release|x64
		{BEDA4F3A-03D1-4540-9459-86E9BEE622E7}.Debug|ARM64.ActiveCfg = Release|x64
		{BEDA4F3A-03D1-4540-9459-86E9BEE622E7}.Debug|ARM64.Build.0 = Release|x64
		{BEDA4F3A-03D1-4540-9459-86E9BEE622E7}.Debug|x64.ActiveCfg = Release|x64
		{BEDA4F3A-03D1-4540-9459-86E9BEE622E7}.Debug|x64.Build.0 = Release|x64
		{BEDA4F3A-03D1-4540-9459-86E9BEE622E7}.Debug|x86.ActiveCfg = Release|x64
		{BEDA4F3A-03D1-4540-9459-86E9BEE622E7}.Debug|x86.Build.0 = Release|x64
		{BEDA4F3A-03D1-4540-9459-86E9BEE622E7}.Release|ARM.ActiveCfg = Release|x64
		{BEDA4F3A-03D1-4540-9459-86E9BEE622E7}.Release|ARM64.ActiveCfg = Release|x64
		{BEDA4F3A-03D1-4540-9459-86E9BEE622E7}.Release|x64.ActiveCfg = Release|x64
		{BEDA4F3A-03D1-4540-9459-86E9BEE622E7}.Release|x64.Build.0 = Release|x64
		{BEDA4F3A-03D1-4540-9459-86E9BEE622E7}.Release|x86.ActiveCfg = Release|x64
		{A44D6783-B55E-4480-AC1B-FA1235B18AC7}.Debug|ARM.ActiveCfg = Release|x64
		{A44D6783-B55E-4480-AC1B-FA1235B18AC7}.Debug|ARM.Build.0 = Release|x64
		{A44D6783-B55E-4480-AC1B-FA1235B18AC7}.Debug|ARM64.ActiveCfg = Release|x64
		{A44D6783-B55E-4480-AC1B-FA1235B18AC7}.Debug|ARM64.Build.0 = Release|x64
		{A44D6783-B55E-4480-AC1B-FA1235B18AC7}.Debug|x64.ActiveCfg = Release|x64
		{A44D6783-B55E-4480-AC1B-FA1235B18AC7}.Debug|x64.Build.0 = Release|x64
		{A44D6783-B55E-4480-AC1B-FA1235B18AC7}.Debug|x86.ActiveCfg = Release|x64
		{A44D6783-B55E-4480-AC1B-FA1235B18AC7}.Debug|x86.Build.0 = Release|x64
		{A44D6783-B55E-4480-AC1B-FA1235B18AC7}.Release|ARM.ActiveCfg = Release|x64
		{A44D6783-B55E-4480-AC1B-FA1235B18AC7}.Release|ARM64.ActiveCfg = Release|x64
		{A44D6783-B55E-4480-AC1B-FA1235B18AC7}.Release|x64.ActiveCfg = Release|x64
		{A44D6783-B55E-4480-AC1B-FA1235B18AC7}.Release|x64.Build.0 = Release|x64
		{A44D6783-B55E-4480-AC1B-FA1235B18AC7}.Release|x86.ActiveCfg = Release|x64
		{F1D1AA8B-AED8-4538-A5AC-1D7C7B0EAF46}.Debug|ARM.ActiveCfg = Release|x64
		{F1D1AA8B-AED8-4538-A5AC-1D7C7B0EAF46}.Debug|ARM.Build.0 = Release|x64
		{F1D1AA8B-AED8-4538-A5AC-1D7C7B0EAF46}.Debug|ARM64.ActiveCfg = Release|x64
		{F1D1AA8B-AED8-4538-A5AC-1D7C7B0EAF46}.Debug|ARM64.Build.0 = Release|x64
		{F1D1AA8B-AED8-4538-A5AC-1D7C7B0EAF46}.Debug|x64.ActiveCfg = Release|x64
		{F1D1AA8B-AED8-4538-A5AC-1D7C7B0EAF46}.Debug|x64.Build.0 = Release|x64
		{F1D1AA8B-AED8-4538-A5AC-1D7C7B0EAF46}.Debug|x86.ActiveCfg = Release|x64
		{F1D1AA8B-AED8-4538-A5AC-1D7C7B0EAF46}.Debug|x86.Build.0 = Release|x64
		{F1D1AA8B-AED8-4538-A5AC-1D7C7B0EAF46}.Release|ARM.ActiveCfg = Release|x64
		{F1D1AA8B-AED8-4538-A5AC-1D7C7B0EAF46}.Release|ARM64.ActiveCfg = Release|x64
		{F1D1AA8B-AED8-4538-A5AC-1D7C7B0EAF46}.Release|x64.ActiveCfg = Release|x64
		{F1D1AA8B-AED8-4538-A5AC-1D7C7B0EAF46}.Release|x64.Build.0 = Release|x64
		{F1D1AA8B-AED8-4538-A5AC-1D7C7B0EAF46}.Release|x86.ActiveCfg = Release|x64
		{4C1F9DB1-8676-4F25-AA95-799457804F53}.Debug|ARM.ActiveCfg = Release|x64
		{4C1F9DB1-8676-4F25-AA95-799457804F53}.Debug|ARM.Build.0 = Release|x64
		{4C1F9DB1-8676-4F25-AA95-799457804F53}.Debug|ARM64.ActiveCfg = Release|x64
		{4C1F9DB1-8676-4F25-AA95-799457804F53}.Debug|ARM64.Build.0 = Release|x64
		{4C1F9DB1-8676-4F25-AA95-799457804F53}.Debug|x64.ActiveCfg = Release|x64
		{4C1F9DB1-8676-4F25-AA95-799457804F53}.Debug|x64.Build.0 = Release|x64
		{4C1F9DB1-8676-4F25-AA95-799457804F53}.Debug|x86.ActiveCfg = Release|x64
		{4C1F9DB1-8676-4F25-AA95-799457804F53}.Debug|x86.Build.0 = Release|x64
		{4C1F9DB1-8676-4F25-AA95-799457804F53}.Release|ARM.ActiveCfg = Release|x64
		{4C1F9DB1-8676-4F25-AA95-799457804F53}.Release|ARM64.ActiveCfg = Release|x64
		{4C1F9DB1-8676-4F25-AA95-799457804F53}.Release|x64.ActiveCfg = Release|x64
		{4C1F9DB1-8676-4F25-AA95-799457804F53}.Release|x64.Build.0 = Release|x64
		{4C1F9DB1-8676-4F25-AA95-799457804F53}.Release|x86.ActiveCfg = Release|x64
		{CAE16A26-6C73-4BBB-B044-0A1AB1E9BA51}.Debug|ARM.ActiveCfg = Release|x64
		{CAE16A26-6C73-4BBB-B044-0A1AB1E9BA51}.Debug|ARM.Build.0 = Release|x64
		{CAE16A26-6C73-4BBB-B044-0A1AB1E9BA51}.Debug|ARM64.ActiveCfg = Release|x64
		{CAE16A26-6C73-4BBB-B044-0A1AB1E9BA51}.Debug|ARM64.Build.0 = Release|x64
		{CAE16A26-6C73-4BBB-B044-0A1AB1E9BA51}.Debug|x64.ActiveCfg = Release|x64
		{CAE16A26-6C73-4BBB-B044-0A1AB1E9BA51}.Debug|x64.Build.0 = Release|x64
		{CAE16A26-6C73-4BBB-B044-0A1AB1E9BA51}.Debug|x86.ActiveCfg = Release|x64
		{CAE16A26-6C73-4BBB-B044-0A1AB1E9BA51}.Debug|x86.Build.0 = Release|x64
		{CAE16A26-6C73-4BBB-B044-0A1AB1E9BA51}.Release|ARM.ActiveCfg = Release|x64
		{CAE16A26-6C73-4BBB-B044-0A1AB1E9BA51}.Release|ARM64.ActiveCfg = Release|x64
		{CAE16A26-6C73-4BBB-B044-0A1AB1E9BA51}.Release|x64.ActiveCfg = Release|x64
		{CAE16A26-6C73-4BBB-B044-0A1AB1E9BA51}.Release|x64.Build.0 = Release|x64
		{CAE16A26-6C73-4BBB-B044-0A1AB1E9BA51}.Release|x86.ActiveCfg = Release|x64
	EndGlobalSection
	GlobalSection(SolutionProperties) = preSolution
		HideSolutionNode = FALSE
	EndGlobalSection
	GlobalSection(NestedProjects) = preSolution
		{9DE0569D-AF40-484F-9198-1653FFD7AA06} = {67F4E20B-24FA-4ACE-80C1-529222FC311E}
		{D1EC94B7-B2C3-45F2-93B5-0C15BCECF5BA} = {67F4E20B-24FA-4ACE-80C1-529222FC311E}
		{A49B1604-5C02-3455-8543-8A45A6E6C450} = {67F4E20B-24FA-4ACE-80C1-529222FC311E}
		{14C304D7-804E-729B-895F-F58FF569CE9B} = {A5EF99BC-AB28-4A4A-B173-75D39199DDA2}
		{C499947C-B0D0-950D-59BD-7B1045D3110F} = {A5EF99BC-AB28-4A4A-B173-75D39199DDA2}
		{5F775900-4B03-880B-B4B1-880BA05C880B} = {A5EF99BC-AB28-4A4A-B173-75D39199DDA2}
		{FF44D591-6B24-542D-743C-DF03E09ABA8E} = {A5EF99BC-AB28-4A4A-B173-75D39199DDA2}
		{2EB2967C-1AE9-970D-C3D5-7D10AFEB130F} = {A5EF99BC-AB28-4A4A-B173-75D39199DDA2}
		{0D19B900-79F8-379C-8210-C372EE6E9EFD} = {A5EF99BC-AB28-4A4A-B173-75D39199DDA2}
		{A5EF99BC-AB28-4A4A-B173-75D39199DDA2} = {67F4E20B-24FA-4ACE-80C1-529222FC311E}
		{E598D9D7-63C8-49AD-9226-5799A4E2D185} = {67F4E20B-24FA-4ACE-80C1-529222FC311E}
		{BEDA4F3A-03D1-4540-9459-86E9BEE622E7} = {67F4E20B-24FA-4ACE-80C1-529222FC311E}
		{A44D6783-B55E-4480-AC1B-FA1235B18AC7} = {67F4E20B-24FA-4ACE-80C1-529222FC311E}
		{F1D1AA8B-AED8-4538-A5AC-1D7C7B0EAF46} = {67F4E20B-24FA-4ACE-80C1-529222FC311E}
		{4C1F9DB1-8676-4F25-AA95-799457804F53} = {67F4E20B-24FA-4ACE-80C1-529222FC311E}
		{CAE16A26-6C73-4BBB-B044-0A1AB1E9BA51} = {67F4E20B-24FA-4ACE-80C1-529222FC311E}
	EndGlobalSection
	GlobalSection(ExtensibilityGlobals) = postSolution
		SolutionGuid = {D50DA316-1FA2-405C-879A-AA4D7E3309CB}
	EndGlobalSection
EndGlobal
