
Microsoft Visual Studio Solution File, Format Version 12.00
# Visual Studio Version 16
VisualStudioVersion = 16.0.30309.148
MinimumVisualStudioVersion = 10.0.40219.1
Project("{FAE04EC0-301F-11D3-BF4B-00C04F79EFBC}") = "NeoAxis.Player.Android", "..\Project\Sources\NeoAxis.Player.Android\NeoAxis.Player.Android.csproj", "{3BC0AC7E-3B3B-4D3F-9CC0-B2BDECC460A6}"
	ProjectSection(ProjectDependencies) = postProject
		{A49B1604-5C02-3455-8543-8A45A6E6C450} = {A49B1604-5C02-3455-8543-8A45A6E6C450}
		{85F5B410-5450-430A-A385-56231A8640D3} = {85F5B410-5450-430A-A385-56231A8640D3}
		{60AA2982-3BB8-443A-B9B3-DABD80A41847} = {60AA2982-3BB8-443A-B9B3-DABD80A41847}
		{65F22F95-DE0A-46F7-8FFA-875471D7A660} = {65F22F95-DE0A-46F7-8FFA-875471D7A660}
		{77A0E3BB-AD36-4128-9790-966770EAC238} = {77A0E3BB-AD36-4128-9790-966770EAC238}
		{D6A551ED-97B5-4BE2-BCD5-795BD83FFAD8} = {D6A551ED-97B5-4BE2-BCD5-795BD83FFAD8}
	EndProjectSection
EndProject
Project("{FAE04EC0-301F-11D3-BF4B-00C04F79EFBC}") = "NeoAxis.Core.Android", "Engine\NeoAxis.Core\NeoAxis.Core.Android.csproj", "{65F22F95-DE0A-46F7-8FFA-875471D7A660}"
	ProjectSection(ProjectDependencies) = postProject
		{5403E314-8D09-444C-A18F-8AA635BD88CD} = {5403E314-8D09-444C-A18F-8AA635BD88CD}
	EndProjectSection
EndProject
Project("{8BC9CEB8-8B4A-11D0-8D11-00A0C91BC942}") = "freetype", "Engine\External\FreeType\freetype.Android.vcxproj", "{9DE0569D-AF40-484F-9198-1653FFD7AA06}"
EndProject
Project("{8BC9CEB8-8B4A-11D0-8D11-00A0C91BC942}") = "FreeImage", "Engine\External\FreeImage\FreeImage.Android.vcxproj", "{D1EC94B7-B2C3-45F2-93B5-0C15BCECF5BA}"
EndProject
Project("{8BC9CEB8-8B4A-11D0-8D11-00A0C91BC942}") = "libNeoAxisCoreNative", "Engine\NeoAxis.Core.Native\NeoAxisCoreNative.Android.vcxproj", "{A49B1604-5C02-3455-8543-8A45A6E6C450}"
	ProjectSection(ProjectDependencies) = postProject
		{9DE0569D-AF40-484F-9198-1653FFD7AA06} = {9DE0569D-AF40-484F-9198-1653FFD7AA06}
		{D1EC94B7-B2C3-45F2-93B5-0C15BCECF5BA} = {D1EC94B7-B2C3-45F2-93B5-0C15BCECF5BA}
	EndProjectSection
EndProject
Project("{8BC9CEB8-8B4A-11D0-8D11-00A0C91BC942}") = "libbgfx", "Engine\External\bgfx\bgfx\.build\projects\vs2017-android\bgfx.vcxproj", "{85F5B410-5450-430A-A385-56231A8640D3}"
EndProject
Project("{8BC9CEB8-8B4A-11D0-8D11-00A0C91BC942}") = "libshaderc", "Engine\External\bgfx\bgfx\.build\projects\vs2017-android\shaderc.vcxproj", "{60AA2982-3BB8-443A-B9B3-DABD80A41847}"
EndProject
Project("{8BC9CEB8-8B4A-11D0-8D11-00A0C91BC942}") = "libbulletc", "Engine\External\Bullet\BulletSharpPInvoke\libbulletc\build\libbulletc.Android.vcxproj", "{D6A551ED-97B5-4BE2-BCD5-795BD83FFAD8}"
EndProject
Project("{FAE04EC0-301F-11D3-BF4B-00C04F79EFBC}") = "Project.Android", "..\Project\Project.Android.csproj", "{77A0E3BB-AD36-4128-9790-966770EAC238}"
	ProjectSection(ProjectDependencies) = postProject
		{876CBDEC-8F38-453F-9BE5-D90A6AF28D10} = {876CBDEC-8F38-453F-9BE5-D90A6AF28D10}
	EndProjectSection
EndProject
Project("{8BC9CEB8-8B4A-11D0-8D11-00A0C91BC942}") = "libOpenAL", "Engine\External\OpenALSoft\build\OpenAL.Android.vcxproj", "{9DFE9644-1CDB-436C-BD3E-B8A687BB0BE3}"
EndProject
Project("{FAE04EC0-301F-11D3-BF4B-00C04F79EFBC}") = "NeoAxis.CoreExtension.Android", "..\Project\Sources\NeoAxis.CoreExtension\NeoAxis.CoreExtension.Android.csproj", "{876CBDEC-8F38-453F-9BE5-D90A6AF28D10}"
	ProjectSection(ProjectDependencies) = postProject
		{65F22F95-DE0A-46F7-8FFA-875471D7A660} = {65F22F95-DE0A-46F7-8FFA-875471D7A660}
	EndProjectSection
EndProject
Project("{FAE04EC0-301F-11D3-BF4B-00C04F79EFBC}") = "NeoAxis.Stubs.Android", "Engine\NeoAxis.Stubs\NeoAxis.Stubs.Android.csproj", "{5403E314-8D09-444C-A18F-8AA635BD88CD}"
EndProject
Global
	GlobalSection(SolutionConfigurationPlatforms) = preSolution
		Debug|ARM = Debug|ARM
		Debug|ARM64 = Debug|ARM64
		Debug|x64 = Debug|x64
		Release|ARM = Release|ARM
		Release|ARM64 = Release|ARM64
		Release|x64 = Release|x64
	EndGlobalSection
	GlobalSection(ProjectConfigurationPlatforms) = postSolution
		{3BC0AC7E-3B3B-4D3F-9CC0-B2BDECC460A6}.Debug|ARM.ActiveCfg = Debug|Any CPU
		{3BC0AC7E-3B3B-4D3F-9CC0-B2BDECC460A6}.Debug|ARM.Build.0 = Debug|Any CPU
		{3BC0AC7E-3B3B-4D3F-9CC0-B2BDECC460A6}.Debug|ARM.Deploy.0 = Debug|Any CPU
		{3BC0AC7E-3B3B-4D3F-9CC0-B2BDECC460A6}.Debug|ARM64.ActiveCfg = Debug|x64
		{3BC0AC7E-3B3B-4D3F-9CC0-B2BDECC460A6}.Debug|ARM64.Build.0 = Debug|x64
		{3BC0AC7E-3B3B-4D3F-9CC0-B2BDECC460A6}.Debug|ARM64.Deploy.0 = Debug|x64
		{3BC0AC7E-3B3B-4D3F-9CC0-B2BDECC460A6}.Debug|x64.ActiveCfg = Debug|x64
		{3BC0AC7E-3B3B-4D3F-9CC0-B2BDECC460A6}.Debug|x64.Build.0 = Debug|x64
		{3BC0AC7E-3B3B-4D3F-9CC0-B2BDECC460A6}.Debug|x64.Deploy.0 = Debug|x64
		{3BC0AC7E-3B3B-4D3F-9CC0-B2BDECC460A6}.Release|ARM.ActiveCfg = Release|Any CPU
		{3BC0AC7E-3B3B-4D3F-9CC0-B2BDECC460A6}.Release|ARM.Build.0 = Release|Any CPU
		{3BC0AC7E-3B3B-4D3F-9CC0-B2BDECC460A6}.Release|ARM.Deploy.0 = Release|Any CPU
		{3BC0AC7E-3B3B-4D3F-9CC0-B2BDECC460A6}.Release|ARM64.ActiveCfg = Release|x64
		{3BC0AC7E-3B3B-4D3F-9CC0-B2BDECC460A6}.Release|ARM64.Build.0 = Release|x64
		{3BC0AC7E-3B3B-4D3F-9CC0-B2BDECC460A6}.Release|ARM64.Deploy.0 = Release|x64
		{3BC0AC7E-3B3B-4D3F-9CC0-B2BDECC460A6}.Release|x64.ActiveCfg = Release|x64
		{3BC0AC7E-3B3B-4D3F-9CC0-B2BDECC460A6}.Release|x64.Build.0 = Release|x64
		{3BC0AC7E-3B3B-4D3F-9CC0-B2BDECC460A6}.Release|x64.Deploy.0 = Release|x64
		{65F22F95-DE0A-46F7-8FFA-875471D7A660}.Debug|ARM.ActiveCfg = Debug|Any CPU
		{65F22F95-DE0A-46F7-8FFA-875471D7A660}.Debug|ARM.Build.0 = Debug|Any CPU
		{65F22F95-DE0A-46F7-8FFA-875471D7A660}.Debug|ARM64.ActiveCfg = Debug|x64
		{65F22F95-DE0A-46F7-8FFA-875471D7A660}.Debug|ARM64.Build.0 = Debug|x64
		{65F22F95-DE0A-46F7-8FFA-875471D7A660}.Debug|x64.ActiveCfg = Debug|x64
		{65F22F95-DE0A-46F7-8FFA-875471D7A660}.Debug|x64.Build.0 = Debug|x64
		{65F22F95-DE0A-46F7-8FFA-875471D7A660}.Release|ARM.ActiveCfg = Release|Any CPU
		{65F22F95-DE0A-46F7-8FFA-875471D7A660}.Release|ARM.Build.0 = Release|Any CPU
		{65F22F95-DE0A-46F7-8FFA-875471D7A660}.Release|ARM64.ActiveCfg = Release|x64
		{65F22F95-DE0A-46F7-8FFA-875471D7A660}.Release|ARM64.Build.0 = Release|x64
		{65F22F95-DE0A-46F7-8FFA-875471D7A660}.Release|x64.ActiveCfg = Release|x64
		{65F22F95-DE0A-46F7-8FFA-875471D7A660}.Release|x64.Build.0 = Release|x64
		{9DE0569D-AF40-484F-9198-1653FFD7AA06}.Debug|ARM.ActiveCfg = Debug|ARM
		{9DE0569D-AF40-484F-9198-1653FFD7AA06}.Debug|ARM.Build.0 = Debug|ARM
		{9DE0569D-AF40-484F-9198-1653FFD7AA06}.Debug|ARM64.ActiveCfg = Debug|ARM64
		{9DE0569D-AF40-484F-9198-1653FFD7AA06}.Debug|ARM64.Build.0 = Debug|ARM64
		{9DE0569D-AF40-484F-9198-1653FFD7AA06}.Debug|x64.ActiveCfg = Debug|x64
		{9DE0569D-AF40-484F-9198-1653FFD7AA06}.Debug|x64.Build.0 = Debug|x64
		{9DE0569D-AF40-484F-9198-1653FFD7AA06}.Release|ARM.ActiveCfg = Release|ARM
		{9DE0569D-AF40-484F-9198-1653FFD7AA06}.Release|ARM.Build.0 = Release|ARM
		{9DE0569D-AF40-484F-9198-1653FFD7AA06}.Release|ARM64.ActiveCfg = Release|ARM64
		{9DE0569D-AF40-484F-9198-1653FFD7AA06}.Release|ARM64.Build.0 = Release|ARM64
		{9DE0569D-AF40-484F-9198-1653FFD7AA06}.Release|x64.ActiveCfg = Release|x64
		{9DE0569D-AF40-484F-9198-1653FFD7AA06}.Release|x64.Build.0 = Release|x64
		{D1EC94B7-B2C3-45F2-93B5-0C15BCECF5BA}.Debug|ARM.ActiveCfg = Debug|ARM
		{D1EC94B7-B2C3-45F2-93B5-0C15BCECF5BA}.Debug|ARM.Build.0 = Debug|ARM
		{D1EC94B7-B2C3-45F2-93B5-0C15BCECF5BA}.Debug|ARM64.ActiveCfg = Debug|ARM64
		{D1EC94B7-B2C3-45F2-93B5-0C15BCECF5BA}.Debug|ARM64.Build.0 = Debug|ARM64
		{D1EC94B7-B2C3-45F2-93B5-0C15BCECF5BA}.Debug|x64.ActiveCfg = Debug|x64
		{D1EC94B7-B2C3-45F2-93B5-0C15BCECF5BA}.Debug|x64.Build.0 = Debug|x64
		{D1EC94B7-B2C3-45F2-93B5-0C15BCECF5BA}.Release|ARM.ActiveCfg = Release|ARM
		{D1EC94B7-B2C3-45F2-93B5-0C15BCECF5BA}.Release|ARM.Build.0 = Release|ARM
		{D1EC94B7-B2C3-45F2-93B5-0C15BCECF5BA}.Release|ARM64.ActiveCfg = Release|ARM64
		{D1EC94B7-B2C3-45F2-93B5-0C15BCECF5BA}.Release|ARM64.Build.0 = Release|ARM64
		{D1EC94B7-B2C3-45F2-93B5-0C15BCECF5BA}.Release|x64.ActiveCfg = Release|x64
		{D1EC94B7-B2C3-45F2-93B5-0C15BCECF5BA}.Release|x64.Build.0 = Release|x64
		{A49B1604-5C02-3455-8543-8A45A6E6C450}.Debug|ARM.ActiveCfg = Debug|ARM
		{A49B1604-5C02-3455-8543-8A45A6E6C450}.Debug|ARM.Build.0 = Debug|ARM
		{A49B1604-5C02-3455-8543-8A45A6E6C450}.Debug|ARM64.ActiveCfg = Debug|ARM64
		{A49B1604-5C02-3455-8543-8A45A6E6C450}.Debug|ARM64.Build.0 = Debug|ARM64
		{A49B1604-5C02-3455-8543-8A45A6E6C450}.Debug|x64.ActiveCfg = Debug|x64
		{A49B1604-5C02-3455-8543-8A45A6E6C450}.Debug|x64.Build.0 = Debug|x64
		{A49B1604-5C02-3455-8543-8A45A6E6C450}.Release|ARM.ActiveCfg = Release|ARM
		{A49B1604-5C02-3455-8543-8A45A6E6C450}.Release|ARM.Build.0 = Release|ARM
		{A49B1604-5C02-3455-8543-8A45A6E6C450}.Release|ARM64.ActiveCfg = Release|ARM64
		{A49B1604-5C02-3455-8543-8A45A6E6C450}.Release|ARM64.Build.0 = Release|ARM64
		{A49B1604-5C02-3455-8543-8A45A6E6C450}.Release|x64.ActiveCfg = Release|x64
		{A49B1604-5C02-3455-8543-8A45A6E6C450}.Release|x64.Build.0 = Release|x64
		{85F5B410-5450-430A-A385-56231A8640D3}.Debug|ARM.ActiveCfg = Debug|ARM
		{85F5B410-5450-430A-A385-56231A8640D3}.Debug|ARM.Build.0 = Debug|ARM
		{85F5B410-5450-430A-A385-56231A8640D3}.Debug|ARM64.ActiveCfg = Debug|ARM64
		{85F5B410-5450-430A-A385-56231A8640D3}.Debug|ARM64.Build.0 = Debug|ARM64
		{85F5B410-5450-430A-A385-56231A8640D3}.Debug|x64.ActiveCfg = Debug|x64
		{85F5B410-5450-430A-A385-56231A8640D3}.Debug|x64.Build.0 = Debug|x64
		{85F5B410-5450-430A-A385-56231A8640D3}.Release|ARM.ActiveCfg = Release|ARM
		{85F5B410-5450-430A-A385-56231A8640D3}.Release|ARM.Build.0 = Release|ARM
		{85F5B410-5450-430A-A385-56231A8640D3}.Release|ARM64.ActiveCfg = Release|ARM64
		{85F5B410-5450-430A-A385-56231A8640D3}.Release|ARM64.Build.0 = Release|ARM64
		{85F5B410-5450-430A-A385-56231A8640D3}.Release|x64.ActiveCfg = Release|x64
		{85F5B410-5450-430A-A385-56231A8640D3}.Release|x64.Build.0 = Release|x64
		{60AA2982-3BB8-443A-B9B3-DABD80A41847}.Debug|ARM.ActiveCfg = Debug|ARM
		{60AA2982-3BB8-443A-B9B3-DABD80A41847}.Debug|ARM.Build.0 = Debug|ARM
		{60AA2982-3BB8-443A-B9B3-DABD80A41847}.Debug|ARM64.ActiveCfg = Debug|ARM64
		{60AA2982-3BB8-443A-B9B3-DABD80A41847}.Debug|ARM64.Build.0 = Debug|ARM64
		{60AA2982-3BB8-443A-B9B3-DABD80A41847}.Debug|x64.ActiveCfg = Debug|x64
		{60AA2982-3BB8-443A-B9B3-DABD80A41847}.Debug|x64.Build.0 = Debug|x64
		{60AA2982-3BB8-443A-B9B3-DABD80A41847}.Release|ARM.ActiveCfg = Release|ARM
		{60AA2982-3BB8-443A-B9B3-DABD80A41847}.Release|ARM.Build.0 = Release|ARM
		{60AA2982-3BB8-443A-B9B3-DABD80A41847}.Release|ARM64.ActiveCfg = Release|ARM64
		{60AA2982-3BB8-443A-B9B3-DABD80A41847}.Release|ARM64.Build.0 = Release|ARM64
		{60AA2982-3BB8-443A-B9B3-DABD80A41847}.Release|x64.ActiveCfg = Release|x64
		{60AA2982-3BB8-443A-B9B3-DABD80A41847}.Release|x64.Build.0 = Release|x64
		{D6A551ED-97B5-4BE2-BCD5-795BD83FFAD8}.Debug|ARM.ActiveCfg = Debug|ARM
		{D6A551ED-97B5-4BE2-BCD5-795BD83FFAD8}.Debug|ARM.Build.0 = Debug|ARM
		{D6A551ED-97B5-4BE2-BCD5-795BD83FFAD8}.Debug|ARM64.ActiveCfg = Debug|ARM64
		{D6A551ED-97B5-4BE2-BCD5-795BD83FFAD8}.Debug|ARM64.Build.0 = Debug|ARM64
		{D6A551ED-97B5-4BE2-BCD5-795BD83FFAD8}.Debug|x64.ActiveCfg = Debug|x64
		{D6A551ED-97B5-4BE2-BCD5-795BD83FFAD8}.Debug|x64.Build.0 = Debug|x64
		{D6A551ED-97B5-4BE2-BCD5-795BD83FFAD8}.Release|ARM.ActiveCfg = Release|ARM
		{D6A551ED-97B5-4BE2-BCD5-795BD83FFAD8}.Release|ARM.Build.0 = Release|ARM
		{D6A551ED-97B5-4BE2-BCD5-795BD83FFAD8}.Release|ARM64.ActiveCfg = Release|ARM64
		{D6A551ED-97B5-4BE2-BCD5-795BD83FFAD8}.Release|ARM64.Build.0 = Release|ARM64
		{D6A551ED-97B5-4BE2-BCD5-795BD83FFAD8}.Release|x64.ActiveCfg = Release|x64
		{D6A551ED-97B5-4BE2-BCD5-795BD83FFAD8}.Release|x64.Build.0 = Release|x64
		{77A0E3BB-AD36-4128-9790-966770EAC238}.Debug|ARM.ActiveCfg = Debug|Any CPU
		{77A0E3BB-AD36-4128-9790-966770EAC238}.Debug|ARM.Build.0 = Debug|Any CPU
		{77A0E3BB-AD36-4128-9790-966770EAC238}.Debug|ARM64.ActiveCfg = Debug|x64
		{77A0E3BB-AD36-4128-9790-966770EAC238}.Debug|ARM64.Build.0 = Debug|x64
		{77A0E3BB-AD36-4128-9790-966770EAC238}.Debug|x64.ActiveCfg = Debug|x64
		{77A0E3BB-AD36-4128-9790-966770EAC238}.Debug|x64.Build.0 = Debug|x64
		{77A0E3BB-AD36-4128-9790-966770EAC238}.Release|ARM.ActiveCfg = Release|Any CPU
		{77A0E3BB-AD36-4128-9790-966770EAC238}.Release|ARM.Build.0 = Release|Any CPU
		{77A0E3BB-AD36-4128-9790-966770EAC238}.Release|ARM64.ActiveCfg = Release|x64
		{77A0E3BB-AD36-4128-9790-966770EAC238}.Release|ARM64.Build.0 = Release|x64
		{77A0E3BB-AD36-4128-9790-966770EAC238}.Release|x64.ActiveCfg = Release|x64
		{77A0E3BB-AD36-4128-9790-966770EAC238}.Release|x64.Build.0 = Release|x64
		{9DFE9644-1CDB-436C-BD3E-B8A687BB0BE3}.Debug|ARM.ActiveCfg = Debug|ARM
		{9DFE9644-1CDB-436C-BD3E-B8A687BB0BE3}.Debug|ARM.Build.0 = Debug|ARM
		{9DFE9644-1CDB-436C-BD3E-B8A687BB0BE3}.Debug|ARM64.ActiveCfg = Debug|ARM64
		{9DFE9644-1CDB-436C-BD3E-B8A687BB0BE3}.Debug|ARM64.Build.0 = Debug|ARM64
		{9DFE9644-1CDB-436C-BD3E-B8A687BB0BE3}.Debug|x64.ActiveCfg = Debug|x64
		{9DFE9644-1CDB-436C-BD3E-B8A687BB0BE3}.Debug|x64.Build.0 = Debug|x64
		{9DFE9644-1CDB-436C-BD3E-B8A687BB0BE3}.Release|ARM.ActiveCfg = Release|ARM
		{9DFE9644-1CDB-436C-BD3E-B8A687BB0BE3}.Release|ARM.Build.0 = Release|ARM
		{9DFE9644-1CDB-436C-BD3E-B8A687BB0BE3}.Release|ARM64.ActiveCfg = Release|ARM64
		{9DFE9644-1CDB-436C-BD3E-B8A687BB0BE3}.Release|ARM64.Build.0 = Release|ARM64
		{9DFE9644-1CDB-436C-BD3E-B8A687BB0BE3}.Release|x64.ActiveCfg = Release|x64
		{9DFE9644-1CDB-436C-BD3E-B8A687BB0BE3}.Release|x64.Build.0 = Release|x64
		{876CBDEC-8F38-453F-9BE5-D90A6AF28D10}.Debug|ARM.ActiveCfg = Debug|Any CPU
		{876CBDEC-8F38-453F-9BE5-D90A6AF28D10}.Debug|ARM.Build.0 = Debug|Any CPU
		{876CBDEC-8F38-453F-9BE5-D90A6AF28D10}.Debug|ARM64.ActiveCfg = Debug|x64
		{876CBDEC-8F38-453F-9BE5-D90A6AF28D10}.Debug|ARM64.Build.0 = Debug|x64
		{876CBDEC-8F38-453F-9BE5-D90A6AF28D10}.Debug|x64.ActiveCfg = Debug|x64
		{876CBDEC-8F38-453F-9BE5-D90A6AF28D10}.Debug|x64.Build.0 = Debug|x64
		{876CBDEC-8F38-453F-9BE5-D90A6AF28D10}.Release|ARM.ActiveCfg = Release|Any CPU
		{876CBDEC-8F38-453F-9BE5-D90A6AF28D10}.Release|ARM.Build.0 = Release|Any CPU
		{876CBDEC-8F38-453F-9BE5-D90A6AF28D10}.Release|ARM64.ActiveCfg = Release|x64
		{876CBDEC-8F38-453F-9BE5-D90A6AF28D10}.Release|ARM64.Build.0 = Release|x64
		{876CBDEC-8F38-453F-9BE5-D90A6AF28D10}.Release|x64.ActiveCfg = Release|x64
		{876CBDEC-8F38-453F-9BE5-D90A6AF28D10}.Release|x64.Build.0 = Release|x64
		{5403E314-8D09-444C-A18F-8AA635BD88CD}.Debug|ARM.ActiveCfg = Debug|Any CPU
		{5403E314-8D09-444C-A18F-8AA635BD88CD}.Debug|ARM.Build.0 = Debug|Any CPU
		{5403E314-8D09-444C-A18F-8AA635BD88CD}.Debug|ARM64.ActiveCfg = Debug|x64
		{5403E314-8D09-444C-A18F-8AA635BD88CD}.Debug|ARM64.Build.0 = Debug|x64
		{5403E314-8D09-444C-A18F-8AA635BD88CD}.Debug|x64.ActiveCfg = Debug|x64
		{5403E314-8D09-444C-A18F-8AA635BD88CD}.Debug|x64.Build.0 = Debug|x64
		{5403E314-8D09-444C-A18F-8AA635BD88CD}.Release|ARM.ActiveCfg = Release|Any CPU
		{5403E314-8D09-444C-A18F-8AA635BD88CD}.Release|ARM.Build.0 = Release|Any CPU
		{5403E314-8D09-444C-A18F-8AA635BD88CD}.Release|ARM64.ActiveCfg = Release|x64
		{5403E314-8D09-444C-A18F-8AA635BD88CD}.Release|ARM64.Build.0 = Release|x64
		{5403E314-8D09-444C-A18F-8AA635BD88CD}.Release|x64.ActiveCfg = Release|x64
		{5403E314-8D09-444C-A18F-8AA635BD88CD}.Release|x64.Build.0 = Release|x64
	EndGlobalSection
	GlobalSection(SolutionProperties) = preSolution
		HideSolutionNode = FALSE
	EndGlobalSection
	GlobalSection(ExtensibilityGlobals) = postSolution
		SolutionGuid = {6E522168-8C78-4A11-AC73-7C972CDD175B}
	EndGlobalSection
EndGlobal
