<?xml version="1.0" encoding="utf-8"?>
<Project ToolsVersion="4.0" xmlns="http://schemas.microsoft.com/developer/msbuild/2003">
  <ItemGroup>
    <Filter Include="ImageLibrary">
      <UniqueIdentifier>{ea30e082-eae0-4677-b75d-85522449e784}</UniqueIdentifier>
    </Filter>
    <Filter Include="MemoryManager">
      <UniqueIdentifier>{20e0c0ef-4507-49b1-9f9b-f7f049fb245a}</UniqueIdentifier>
    </Filter>
    <Filter Include="NativeWrapper">
      <UniqueIdentifier>{ee48f13a-a7cf-4c24-937a-91b314998dc1}</UniqueIdentifier>
    </Filter>
    <Filter Include="NeoAxis">
      <UniqueIdentifier>{878e6638-64e4-4588-b6da-f82c67667abf}</UniqueIdentifier>
    </Filter>
    <Filter Include="NeoAxis\vhacd">
      <UniqueIdentifier>{c6db741a-48c4-412c-bac8-3c1e6b323ba3}</UniqueIdentifier>
    </Filter>
    <Filter Include="ogg">
      <UniqueIdentifier>{bdee800b-4fb8-42ae-8dcc-5bc0b3dc22dc}</UniqueIdentifier>
    </Filter>
    <Filter Include="Physics">
      <UniqueIdentifier>{84854433-96e2-4989-98b9-6e6d33fceeb0}</UniqueIdentifier>
    </Filter>
    <Filter Include="Physics\Jolt">
      <UniqueIdentifier>{b9556872-bf78-4426-b901-822a2625f18c}</UniqueIdentifier>
    </Filter>
  </ItemGroup>
  <ItemGroup>
    <ClCompile Include="ImageLibrary\NULLRenderSystem.cpp">
      <Filter>ImageLibrary</Filter>
    </ClCompile>
    <ClCompile Include="ImageLibrary\OgreAlignedAllocator.cpp">
      <Filter>ImageLibrary</Filter>
    </ClCompile>
    <ClCompile Include="ImageLibrary\OgreArchiveManager.cpp">
      <Filter>ImageLibrary</Filter>
    </ClCompile>
    <ClCompile Include="ImageLibrary\OgreAxisAlignedBox.cpp">
      <Filter>ImageLibrary</Filter>
    </ClCompile>
    <ClCompile Include="ImageLibrary\OgreAxisAlignedBoxD.cpp">
      <Filter>ImageLibrary</Filter>
    </ClCompile>
    <ClCompile Include="ImageLibrary\OgreCodec.cpp">
      <Filter>ImageLibrary</Filter>
    </ClCompile>
    <ClCompile Include="ImageLibrary\OgreColourValue.cpp">
      <Filter>ImageLibrary</Filter>
    </ClCompile>
    <ClCompile Include="ImageLibrary\OgreCommon.cpp">
      <Filter>ImageLibrary</Filter>
    </ClCompile>
    <ClCompile Include="ImageLibrary\OgreDataStream.cpp">
      <Filter>ImageLibrary</Filter>
    </ClCompile>
    <ClCompile Include="ImageLibrary\OgreDDSCodec.cpp">
      <Filter>ImageLibrary</Filter>
    </ClCompile>
    <ClCompile Include="ImageLibrary\OgreDebugKeys.cpp">
      <Filter>ImageLibrary</Filter>
    </ClCompile>
    <ClCompile Include="ImageLibrary\OgreDynLib.cpp">
      <Filter>ImageLibrary</Filter>
    </ClCompile>
    <ClCompile Include="ImageLibrary\OgreDynLibManager.cpp">
      <Filter>ImageLibrary</Filter>
    </ClCompile>
    <ClCompile Include="ImageLibrary\OgreException.cpp">
      <Filter>ImageLibrary</Filter>
    </ClCompile>
    <ClCompile Include="ImageLibrary\OgreFreeImageCodec.cpp">
      <Filter>ImageLibrary</Filter>
    </ClCompile>
    <ClCompile Include="ImageLibrary\OgreImage.cpp">
      <Filter>ImageLibrary</Filter>
    </ClCompile>
    <ClCompile Include="ImageLibrary\OgreLog.cpp">
      <Filter>ImageLibrary</Filter>
    </ClCompile>
    <ClCompile Include="ImageLibrary\OgreLogManager.cpp">
      <Filter>ImageLibrary</Filter>
    </ClCompile>
    <ClCompile Include="ImageLibrary\OgreMath.cpp">
      <Filter>ImageLibrary</Filter>
    </ClCompile>
    <ClCompile Include="ImageLibrary\OgreMathD.cpp">
      <Filter>ImageLibrary</Filter>
    </ClCompile>
    <ClCompile Include="ImageLibrary\OgreMatrix3.cpp">
      <Filter>ImageLibrary</Filter>
    </ClCompile>
    <ClCompile Include="ImageLibrary\OgreMatrix3D.cpp">
      <Filter>ImageLibrary</Filter>
    </ClCompile>
    <ClCompile Include="ImageLibrary\OgreMatrix4.cpp">
      <Filter>ImageLibrary</Filter>
    </ClCompile>
    <ClCompile Include="ImageLibrary\OgreMemoryAllocatedObject.cpp">
      <Filter>ImageLibrary</Filter>
    </ClCompile>
    <ClCompile Include="ImageLibrary\OgreOptimisedUtil.cpp">
      <Filter>ImageLibrary</Filter>
    </ClCompile>
    <ClCompile Include="ImageLibrary\OgreOptimisedUtilGeneral.cpp">
      <Filter>ImageLibrary</Filter>
    </ClCompile>
    <ClCompile Include="ImageLibrary\OgreOptimisedUtilSSE.cpp">
      <Filter>ImageLibrary</Filter>
    </ClCompile>
    <ClCompile Include="ImageLibrary\OgrePixelFormat.cpp">
      <Filter>ImageLibrary</Filter>
    </ClCompile>
    <ClCompile Include="ImageLibrary\OgrePlane.cpp">
      <Filter>ImageLibrary</Filter>
    </ClCompile>
    <ClCompile Include="ImageLibrary\OgrePlaneD.cpp">
      <Filter>ImageLibrary</Filter>
    </ClCompile>
    <ClCompile Include="ImageLibrary\OgrePlatformInformation.cpp">
      <Filter>ImageLibrary</Filter>
    </ClCompile>
    <ClCompile Include="ImageLibrary\OgrePrecompiledHeaders.cpp">
      <Filter>ImageLibrary</Filter>
    </ClCompile>
    <ClCompile Include="ImageLibrary\OgrePVRTCCodec.cpp">
      <Filter>ImageLibrary</Filter>
    </ClCompile>
    <ClCompile Include="ImageLibrary\OgreQuaternion.cpp">
      <Filter>ImageLibrary</Filter>
    </ClCompile>
    <ClCompile Include="ImageLibrary\OgreRenderSystem.cpp">
      <Filter>ImageLibrary</Filter>
    </ClCompile>
    <ClCompile Include="ImageLibrary\OgreResource.cpp">
      <Filter>ImageLibrary</Filter>
    </ClCompile>
    <ClCompile Include="ImageLibrary\OgreResourceGroupManager.cpp">
      <Filter>ImageLibrary</Filter>
    </ClCompile>
    <ClCompile Include="ImageLibrary\OgreResourceManager.cpp">
      <Filter>ImageLibrary</Filter>
    </ClCompile>
    <ClCompile Include="ImageLibrary\OgreRoot.cpp">
      <Filter>ImageLibrary</Filter>
    </ClCompile>
    <ClCompile Include="ImageLibrary\OgreSceneManager.cpp">
      <Filter>ImageLibrary</Filter>
    </ClCompile>
    <ClCompile Include="ImageLibrary\OgreString.cpp">
      <Filter>ImageLibrary</Filter>
    </ClCompile>
    <ClCompile Include="ImageLibrary\OgreStringConverter.cpp">
      <Filter>ImageLibrary</Filter>
    </ClCompile>
    <ClCompile Include="ImageLibrary\OgreStringInterface.cpp">
      <Filter>ImageLibrary</Filter>
    </ClCompile>
    <ClCompile Include="ImageLibrary\OgreVector2.cpp">
      <Filter>ImageLibrary</Filter>
    </ClCompile>
    <ClCompile Include="ImageLibrary\OgreVector3.cpp">
      <Filter>ImageLibrary</Filter>
    </ClCompile>
    <ClCompile Include="ImageLibrary\OgreVector3D.cpp">
      <Filter>ImageLibrary</Filter>
    </ClCompile>
    <ClCompile Include="ImageLibrary\OgreVector4.cpp">
      <Filter>ImageLibrary</Filter>
    </ClCompile>
    <ClCompile Include="ImageLibrary\YUVToRGBConverter.cpp">
      <Filter>ImageLibrary</Filter>
    </ClCompile>
    <ClCompile Include="MemoryManager\CRTMemoryManager.cpp">
      <Filter>MemoryManager</Filter>
    </ClCompile>
    <ClCompile Include="MemoryManager\MemoryManagerInternal.cpp">
      <Filter>MemoryManager</Filter>
    </ClCompile>
    <ClCompile Include="MemoryManager\MemoryManagerInternal_precompiled.cpp">
      <Filter>MemoryManager</Filter>
    </ClCompile>
    <ClCompile Include="MemoryManager\PagedMemoryManager.cpp">
      <Filter>MemoryManager</Filter>
    </ClCompile>
    <ClCompile Include="MemoryManager\SimpleMemoryManager.cpp">
      <Filter>MemoryManager</Filter>
    </ClCompile>
    <ClCompile Include="MemoryManager\TCMallocMemoryManager.cpp">
      <Filter>MemoryManager</Filter>
    </ClCompile>
    <ClCompile Include="NativeWrapper\FreeType_Wrapper.cpp">
      <Filter>NativeWrapper</Filter>
    </ClCompile>
    <ClCompile Include="NativeWrapper\MiniDump.cpp">
      <Filter>NativeWrapper</Filter>
    </ClCompile>
    <ClCompile Include="NativeWrapper\MyOgreLogListener.cpp">
      <Filter>NativeWrapper</Filter>
    </ClCompile>
    <ClCompile Include="NativeWrapper\MyOgreVirtualFileSystem.cpp">
      <Filter>NativeWrapper</Filter>
    </ClCompile>
    <ClCompile Include="NativeWrapper\OgreNativeWrapper.cpp">
      <Filter>NativeWrapper</Filter>
    </ClCompile>
    <ClCompile Include="NeoAxis\AxisAlignedBoxI.cpp">
      <Filter>NeoAxis</Filter>
    </ClCompile>
    <ClCompile Include="NeoAxis\Bounds.cpp">
      <Filter>NeoAxis</Filter>
    </ClCompile>
    <ClCompile Include="NeoAxis\BoundsD.cpp">
      <Filter>NeoAxis</Filter>
    </ClCompile>
    <ClCompile Include="NeoAxis\BoundsI.cpp">
      <Filter>NeoAxis</Filter>
    </ClCompile>
    <ClCompile Include="NeoAxis\DirectInputNativeWrapper.cpp">
      <Filter>NeoAxis</Filter>
    </ClCompile>
    <ClCompile Include="NeoAxis\NativeImpl.cpp">
      <Filter>NeoAxis</Filter>
    </ClCompile>
    <ClCompile Include="NeoAxis\NativeMemoryDictionary.cpp">
      <Filter>NeoAxis</Filter>
    </ClCompile>
    <ClCompile Include="NeoAxis\NeoAxis_precompiled.cpp">
      <Filter>NeoAxis</Filter>
    </ClCompile>
    <ClCompile Include="NeoAxis\NeoAxisCoreNative.cpp">
      <Filter>NeoAxis</Filter>
    </ClCompile>
    <ClCompile Include="NeoAxis\OBB.cpp">
      <Filter>NeoAxis</Filter>
    </ClCompile>
    <ClCompile Include="NeoAxis\OBBD.cpp">
      <Filter>NeoAxis</Filter>
    </ClCompile>
    <ClCompile Include="NeoAxis\OctreeContainer.cpp">
      <Filter>NeoAxis</Filter>
    </ClCompile>
    <ClCompile Include="NeoAxis\StringUtils.cpp">
      <Filter>NeoAxis</Filter>
    </ClCompile>
    <ClCompile Include="NeoAxis\UtilsNativeWrapper.cpp">
      <Filter>NeoAxis</Filter>
    </ClCompile>
    <ClCompile Include="NeoAxis\Vector3I.cpp">
      <Filter>NeoAxis</Filter>
    </ClCompile>
    <ClCompile Include="NeoAxis\vhacd\HACD.cpp">
      <Filter>NeoAxis\vhacd</Filter>
    </ClCompile>
    <ClCompile Include="NeoAxis\vhacd\src\btAlignedAllocator.cpp">
      <Filter>NeoAxis\vhacd</Filter>
    </ClCompile>
    <ClCompile Include="NeoAxis\vhacd\src\btConvexHullComputer.cpp">
      <Filter>NeoAxis\vhacd</Filter>
    </ClCompile>
    <ClCompile Include="NeoAxis\vhacd\src\FloatMath.cpp">
      <Filter>NeoAxis\vhacd</Filter>
    </ClCompile>
    <ClCompile Include="NeoAxis\vhacd\src\VHACD.cpp">
      <Filter>NeoAxis\vhacd</Filter>
    </ClCompile>
    <ClCompile Include="NeoAxis\vhacd\src\VHACD-ASYNC.cpp">
      <Filter>NeoAxis\vhacd</Filter>
    </ClCompile>
    <ClCompile Include="NeoAxis\vhacd\src\vhacdICHull.cpp">
      <Filter>NeoAxis\vhacd</Filter>
    </ClCompile>
    <ClCompile Include="NeoAxis\vhacd\src\vhacdManifoldMesh.cpp">
      <Filter>NeoAxis\vhacd</Filter>
    </ClCompile>
    <ClCompile Include="NeoAxis\vhacd\src\vhacdMesh.cpp">
      <Filter>NeoAxis\vhacd</Filter>
    </ClCompile>
    <ClCompile Include="NeoAxis\vhacd\src\vhacdRaycastMesh.cpp">
      <Filter>NeoAxis\vhacd</Filter>
    </ClCompile>
    <ClCompile Include="NeoAxis\vhacd\src\vhacdVolume.cpp">
      <Filter>NeoAxis\vhacd</Filter>
    </ClCompile>
    <ClCompile Include="..\External\OggVorbisTheora\libogg\src\bitwise.c">
      <Filter>ogg</Filter>
    </ClCompile>
    <ClCompile Include="..\External\OggVorbisTheora\libtheora\lib\analyze.c">
      <Filter>ogg</Filter>
    </ClCompile>
    <ClCompile Include="..\External\OggVorbisTheora\libtheora\lib\apiwrapper.c">
      <Filter>ogg</Filter>
    </ClCompile>
    <ClCompile Include="..\External\OggVorbisTheora\libtheora\lib\bitpack.c">
      <Filter>ogg</Filter>
    </ClCompile>
    <ClCompile Include="..\External\OggVorbisTheora\libvorbis\lib\bitrate.c">
      <Filter>ogg</Filter>
    </ClCompile>
    <ClCompile Include="..\External\OggVorbisTheora\libvorbis\lib\block.c">
      <Filter>ogg</Filter>
    </ClCompile>
    <ClCompile Include="..\External\OggVorbisTheora\libvorbis\lib\codebook.c">
      <Filter>ogg</Filter>
    </ClCompile>
    <ClCompile Include="..\External\OggVorbisTheora\libtheora\lib\cpu.c">
      <Filter>ogg</Filter>
    </ClCompile>
    <ClCompile Include="..\External\OggVorbisTheora\libtheora\lib\decapiwrapper.c">
      <Filter>ogg</Filter>
    </ClCompile>
    <ClCompile Include="..\External\OggVorbisTheora\libtheora\lib\decinfo.c">
      <Filter>ogg</Filter>
    </ClCompile>
    <ClCompile Include="..\External\OggVorbisTheora\libtheora\lib\decode.c">
      <Filter>ogg</Filter>
    </ClCompile>
    <ClCompile Include="..\External\OggVorbisTheora\libtheora\lib\dequant.c">
      <Filter>ogg</Filter>
    </ClCompile>
    <ClCompile Include="..\External\OggVorbisTheora\libtheora\lib\encapiwrapper.c">
      <Filter>ogg</Filter>
    </ClCompile>
    <ClCompile Include="..\External\OggVorbisTheora\libtheora\lib\encfrag.c">
      <Filter>ogg</Filter>
    </ClCompile>
    <ClCompile Include="..\External\OggVorbisTheora\libtheora\lib\encinfo.c">
      <Filter>ogg</Filter>
    </ClCompile>
    <ClCompile Include="..\External\OggVorbisTheora\libtheora\lib\encode.c">
      <Filter>ogg</Filter>
    </ClCompile>
    <ClCompile Include="..\External\OggVorbisTheora\libtheora\lib\enquant.c">
      <Filter>ogg</Filter>
    </ClCompile>
    <ClCompile Include="..\External\OggVorbisTheora\libvorbis\lib\envelope.c">
      <Filter>ogg</Filter>
    </ClCompile>
    <ClCompile Include="..\External\OggVorbisTheora\libtheora\lib\fdct.c">
      <Filter>ogg</Filter>
    </ClCompile>
    <ClCompile Include="..\External\OggVorbisTheora\libvorbis\lib\floor0.c">
      <Filter>ogg</Filter>
    </ClCompile>
    <ClCompile Include="..\External\OggVorbisTheora\libvorbis\lib\floor1.c">
      <Filter>ogg</Filter>
    </ClCompile>
    <ClCompile Include="..\External\OggVorbisTheora\libtheora\lib\fragment.c">
      <Filter>ogg</Filter>
    </ClCompile>
    <ClCompile Include="..\External\OggVorbisTheora\libogg\src\framing.c">
      <Filter>ogg</Filter>
    </ClCompile>
    <ClCompile Include="..\External\OggVorbisTheora\libtheora\lib\huffdec.c">
      <Filter>ogg</Filter>
    </ClCompile>
    <ClCompile Include="..\External\OggVorbisTheora\libtheora\lib\huffenc.c">
      <Filter>ogg</Filter>
    </ClCompile>
    <ClCompile Include="..\External\OggVorbisTheora\libtheora\lib\idct.c">
      <Filter>ogg</Filter>
    </ClCompile>
    <ClCompile Include="..\External\OggVorbisTheora\libvorbis\lib\info.c">
      <Filter>ogg</Filter>
    </ClCompile>
    <ClCompile Include="..\External\OggVorbisTheora\libtheora\lib\internal.c">
      <Filter>ogg</Filter>
    </ClCompile>
    <ClCompile Include="..\External\OggVorbisTheora\libvorbis\lib\lookup.c">
      <Filter>ogg</Filter>
    </ClCompile>
    <ClCompile Include="..\External\OggVorbisTheora\libvorbis\lib\lpc.c">
      <Filter>ogg</Filter>
    </ClCompile>
    <ClCompile Include="..\External\OggVorbisTheora\libvorbis\lib\lsp.c">
      <Filter>ogg</Filter>
    </ClCompile>
    <ClCompile Include="..\External\OggVorbisTheora\libvorbis\lib\mapping0.c">
      <Filter>ogg</Filter>
    </ClCompile>
    <ClCompile Include="..\External\OggVorbisTheora\libtheora\lib\mathops.c">
      <Filter>ogg</Filter>
    </ClCompile>
    <ClCompile Include="..\External\OggVorbisTheora\libtheora\lib\mcenc.c">
      <Filter>ogg</Filter>
    </ClCompile>
    <ClCompile Include="..\External\OggVorbisTheora\libvorbis\lib\mdct.c">
      <Filter>ogg</Filter>
    </ClCompile>
    <ClCompile Include="..\External\OggVorbisTheora\libvorbis\lib\psy.c">
      <Filter>ogg</Filter>
    </ClCompile>
    <ClCompile Include="..\External\OggVorbisTheora\libtheora\lib\quant.c">
      <Filter>ogg</Filter>
    </ClCompile>
    <ClCompile Include="..\External\OggVorbisTheora\libtheora\lib\rate.c">
      <Filter>ogg</Filter>
    </ClCompile>
    <ClCompile Include="..\External\OggVorbisTheora\libvorbis\lib\registry.c">
      <Filter>ogg</Filter>
    </ClCompile>
    <ClCompile Include="..\External\OggVorbisTheora\libvorbis\lib\res0.c">
      <Filter>ogg</Filter>
    </ClCompile>
    <ClCompile Include="..\External\OggVorbisTheora\libvorbis\lib\sharedbook.c">
      <Filter>ogg</Filter>
    </ClCompile>
    <ClCompile Include="..\External\OggVorbisTheora\libvorbis\lib\smallft.c">
      <Filter>ogg</Filter>
    </ClCompile>
    <ClCompile Include="..\External\OggVorbisTheora\libtheora\lib\state.c">
      <Filter>ogg</Filter>
    </ClCompile>
    <ClCompile Include="..\External\OggVorbisTheora\libvorbis\lib\synthesis.c">
      <Filter>ogg</Filter>
    </ClCompile>
    <ClCompile Include="..\External\OggVorbisTheora\libtheora\lib\theora_info.c">
      <Filter>ogg</Filter>
    </ClCompile>
    <ClCompile Include="..\External\OggVorbisTheora\libtheora\lib\tokenize.c">
      <Filter>ogg</Filter>
    </ClCompile>
    <ClCompile Include="..\External\OggVorbisTheora\libvorbis\lib\tone.c">
      <Filter>ogg</Filter>
    </ClCompile>
    <ClCompile Include="..\External\OggVorbisTheora\libvorbis\lib\vorbisenc.c">
      <Filter>ogg</Filter>
    </ClCompile>
    <ClCompile Include="..\External\OggVorbisTheora\libvorbis\lib\vorbisfile.c">
      <Filter>ogg</Filter>
    </ClCompile>
    <ClCompile Include="..\External\OggVorbisTheora\libvorbis\lib\window.c">
      <Filter>ogg</Filter>
    </ClCompile>
    <ClCompile Include="Jolt\NeoAxisPhysicsNative.cpp">
      <Filter>Physics</Filter>
    </ClCompile>
    <ClCompile Include="Jolt\AABBTree\AABBTreeBuilder.cpp">
      <Filter>Physics\Jolt</Filter>
    </ClCompile>
    <ClCompile Include="Jolt\Core\Color.cpp">
      <Filter>Physics\Jolt</Filter>
    </ClCompile>
    <ClCompile Include="Jolt\Core\Factory.cpp">
      <Filter>Physics\Jolt</Filter>
    </ClCompile>
    <ClCompile Include="Jolt\Core\IssueReporting.cpp">
      <Filter>Physics\Jolt</Filter>
    </ClCompile>
    <ClCompile Include="Jolt\Core\JobSystemThreadPool.cpp">
      <Filter>Physics\Jolt</Filter>
    </ClCompile>
    <ClCompile Include="Jolt\Core\LinearCurve.cpp">
      <Filter>Physics\Jolt</Filter>
    </ClCompile>
    <ClCompile Include="Jolt\Core\Memory.cpp">
      <Filter>Physics\Jolt</Filter>
    </ClCompile>
    <ClCompile Include="Jolt\Core\Profiler.cpp">
      <Filter>Physics\Jolt</Filter>
    </ClCompile>
    <ClCompile Include="Jolt\Core\RTTI.cpp">
      <Filter>Physics\Jolt</Filter>
    </ClCompile>
    <ClCompile Include="Jolt\Core\StringTools.cpp">
      <Filter>Physics\Jolt</Filter>
    </ClCompile>
    <ClCompile Include="Jolt\Core\TickCounter.cpp">
      <Filter>Physics\Jolt</Filter>
    </ClCompile>
    <ClCompile Include="Jolt\Geometry\ConvexHullBuilder.cpp">
      <Filter>Physics\Jolt</Filter>
    </ClCompile>
    <ClCompile Include="Jolt\Geometry\ConvexHullBuilder2D.cpp">
      <Filter>Physics\Jolt</Filter>
    </ClCompile>
    <ClCompile Include="Jolt\Geometry\Indexify.cpp">
      <Filter>Physics\Jolt</Filter>
    </ClCompile>
    <ClCompile Include="Jolt\Geometry\OrientedBox.cpp">
      <Filter>Physics\Jolt</Filter>
    </ClCompile>
    <ClCompile Include="Jolt\Math\UVec4.cpp">
      <Filter>Physics\Jolt</Filter>
    </ClCompile>
    <ClCompile Include="Jolt\Math\Vec3.cpp">
      <Filter>Physics\Jolt</Filter>
    </ClCompile>
    <ClCompile Include="Jolt\ObjectStream\ObjectStream.cpp">
      <Filter>Physics\Jolt</Filter>
    </ClCompile>
    <ClCompile Include="Jolt\ObjectStream\ObjectStreamBinaryIn.cpp">
      <Filter>Physics\Jolt</Filter>
    </ClCompile>
    <ClCompile Include="Jolt\ObjectStream\ObjectStreamBinaryOut.cpp">
      <Filter>Physics\Jolt</Filter>
    </ClCompile>
    <ClCompile Include="Jolt\ObjectStream\ObjectStreamIn.cpp">
      <Filter>Physics\Jolt</Filter>
    </ClCompile>
    <ClCompile Include="Jolt\ObjectStream\ObjectStreamOut.cpp">
      <Filter>Physics\Jolt</Filter>
    </ClCompile>
    <ClCompile Include="Jolt\ObjectStream\ObjectStreamTextIn.cpp">
      <Filter>Physics\Jolt</Filter>
    </ClCompile>
    <ClCompile Include="Jolt\ObjectStream\ObjectStreamTextOut.cpp">
      <Filter>Physics\Jolt</Filter>
    </ClCompile>
    <ClCompile Include="Jolt\ObjectStream\SerializableObject.cpp">
      <Filter>Physics\Jolt</Filter>
    </ClCompile>
    <ClCompile Include="Jolt\ObjectStream\TypeDeclarations.cpp">
      <Filter>Physics\Jolt</Filter>
    </ClCompile>
    <ClCompile Include="Jolt\Physics\Body\Body.cpp">
      <Filter>Physics\Jolt</Filter>
    </ClCompile>
    <ClCompile Include="Jolt\Physics\Body\BodyAccess.cpp">
      <Filter>Physics\Jolt</Filter>
    </ClCompile>
    <ClCompile Include="Jolt\Physics\Body\BodyCreationSettings.cpp">
      <Filter>Physics\Jolt</Filter>
    </ClCompile>
    <ClCompile Include="Jolt\Physics\Body\BodyInterface.cpp">
      <Filter>Physics\Jolt</Filter>
    </ClCompile>
    <ClCompile Include="Jolt\Physics\Body\BodyManager.cpp">
      <Filter>Physics\Jolt</Filter>
    </ClCompile>
    <ClCompile Include="Jolt\Physics\Body\MassProperties.cpp">
      <Filter>Physics\Jolt</Filter>
    </ClCompile>
    <ClCompile Include="Jolt\Physics\Body\MotionProperties.cpp">
      <Filter>Physics\Jolt</Filter>
    </ClCompile>
    <ClCompile Include="Jolt\Physics\Character\Character.cpp">
      <Filter>Physics\Jolt</Filter>
    </ClCompile>
    <ClCompile Include="Jolt\Physics\Character\CharacterBase.cpp">
      <Filter>Physics\Jolt</Filter>
    </ClCompile>
    <ClCompile Include="Jolt\Physics\Character\CharacterVirtual.cpp">
      <Filter>Physics\Jolt</Filter>
    </ClCompile>
    <ClCompile Include="Jolt\Physics\Collision\BroadPhase\BroadPhase.cpp">
      <Filter>Physics\Jolt</Filter>
    </ClCompile>
    <ClCompile Include="Jolt\Physics\Collision\BroadPhase\BroadPhaseBruteForce.cpp">
      <Filter>Physics\Jolt</Filter>
    </ClCompile>
    <ClCompile Include="Jolt\Physics\Collision\BroadPhase\BroadPhaseQuadTree.cpp">
      <Filter>Physics\Jolt</Filter>
    </ClCompile>
    <ClCompile Include="Jolt\Physics\Collision\BroadPhase\QuadTree.cpp">
      <Filter>Physics\Jolt</Filter>
    </ClCompile>
    <ClCompile Include="Jolt\Physics\Collision\Shape\BoxShape.cpp">
      <Filter>Physics\Jolt</Filter>
    </ClCompile>
    <ClCompile Include="Jolt\Physics\Collision\Shape\CapsuleShape.cpp">
      <Filter>Physics\Jolt</Filter>
    </ClCompile>
    <ClCompile Include="Jolt\Physics\Collision\Shape\CompoundShape.cpp">
      <Filter>Physics\Jolt</Filter>
    </ClCompile>
    <ClCompile Include="Jolt\Physics\Collision\Shape\ConvexHullShape.cpp">
      <Filter>Physics\Jolt</Filter>
    </ClCompile>
    <ClCompile Include="Jolt\Physics\Collision\Shape\ConvexShape.cpp">
      <Filter>Physics\Jolt</Filter>
    </ClCompile>
    <ClCompile Include="Jolt\Physics\Collision\Shape\CylinderShape.cpp">
      <Filter>Physics\Jolt</Filter>
    </ClCompile>
    <ClCompile Include="Jolt\Physics\Collision\Shape\DecoratedShape.cpp">
      <Filter>Physics\Jolt</Filter>
    </ClCompile>
    <ClCompile Include="Jolt\Physics\Collision\Shape\HeightFieldShape.cpp">
      <Filter>Physics\Jolt</Filter>
    </ClCompile>
    <ClCompile Include="Jolt\Physics\Collision\Shape\MeshShape.cpp">
      <Filter>Physics\Jolt</Filter>
    </ClCompile>
    <ClCompile Include="Jolt\Physics\Collision\Shape\MutableCompoundShape.cpp">
      <Filter>Physics\Jolt</Filter>
    </ClCompile>
    <ClCompile Include="Jolt\Physics\Collision\Shape\OffsetCenterOfMassShape.cpp">
      <Filter>Physics\Jolt</Filter>
    </ClCompile>
    <ClCompile Include="Jolt\Physics\Collision\Shape\RotatedTranslatedShape.cpp">
      <Filter>Physics\Jolt</Filter>
    </ClCompile>
    <ClCompile Include="Jolt\Physics\Collision\Shape\ScaledShape.cpp">
      <Filter>Physics\Jolt</Filter>
    </ClCompile>
    <ClCompile Include="Jolt\Physics\Collision\Shape\Shape.cpp">
      <Filter>Physics\Jolt</Filter>
    </ClCompile>
    <ClCompile Include="Jolt\Physics\Collision\Shape\SphereShape.cpp">
      <Filter>Physics\Jolt</Filter>
    </ClCompile>
    <ClCompile Include="Jolt\Physics\Collision\Shape\StaticCompoundShape.cpp">
      <Filter>Physics\Jolt</Filter>
    </ClCompile>
    <ClCompile Include="Jolt\Physics\Collision\Shape\TaperedCapsuleShape.cpp">
      <Filter>Physics\Jolt</Filter>
    </ClCompile>
    <ClCompile Include="Jolt\Physics\Collision\Shape\TriangleShape.cpp">
      <Filter>Physics\Jolt</Filter>
    </ClCompile>
    <ClCompile Include="Jolt\Physics\Collision\CastConvexVsTriangles.cpp">
      <Filter>Physics\Jolt</Filter>
    </ClCompile>
    <ClCompile Include="Jolt\Physics\Collision\CastSphereVsTriangles.cpp">
      <Filter>Physics\Jolt</Filter>
    </ClCompile>
    <ClCompile Include="Jolt\Physics\Collision\CollideConvexVsTriangles.cpp">
      <Filter>Physics\Jolt</Filter>
    </ClCompile>
    <ClCompile Include="Jolt\Physics\Collision\CollideSphereVsTriangles.cpp">
      <Filter>Physics\Jolt</Filter>
    </ClCompile>
    <ClCompile Include="Jolt\Physics\Collision\CollisionDispatch.cpp">
      <Filter>Physics\Jolt</Filter>
    </ClCompile>
    <ClCompile Include="Jolt\Physics\Collision\CollisionGroup.cpp">
      <Filter>Physics\Jolt</Filter>
    </ClCompile>
    <ClCompile Include="Jolt\Physics\Collision\GroupFilter.cpp">
      <Filter>Physics\Jolt</Filter>
    </ClCompile>
    <ClCompile Include="Jolt\Physics\Collision\GroupFilterTable.cpp">
      <Filter>Physics\Jolt</Filter>
    </ClCompile>
    <ClCompile Include="Jolt\Physics\Collision\ManifoldBetweenTwoFaces.cpp">
      <Filter>Physics\Jolt</Filter>
    </ClCompile>
    <ClCompile Include="Jolt\Physics\Collision\NarrowPhaseQuery.cpp">
      <Filter>Physics\Jolt</Filter>
    </ClCompile>
    <ClCompile Include="Jolt\Physics\Collision\NarrowPhaseStats.cpp">
      <Filter>Physics\Jolt</Filter>
    </ClCompile>
    <ClCompile Include="Jolt\Physics\Collision\PhysicsMaterial.cpp">
      <Filter>Physics\Jolt</Filter>
    </ClCompile>
    <ClCompile Include="Jolt\Physics\Collision\PhysicsMaterialSimple.cpp">
      <Filter>Physics\Jolt</Filter>
    </ClCompile>
    <ClCompile Include="Jolt\Physics\Collision\TransformedShape.cpp">
      <Filter>Physics\Jolt</Filter>
    </ClCompile>
    <ClCompile Include="Jolt\Physics\Constraints\ConeConstraint.cpp">
      <Filter>Physics\Jolt</Filter>
    </ClCompile>
    <ClCompile Include="Jolt\Physics\Constraints\Constraint.cpp">
      <Filter>Physics\Jolt</Filter>
    </ClCompile>
    <ClCompile Include="Jolt\Physics\Constraints\ConstraintManager.cpp">
      <Filter>Physics\Jolt</Filter>
    </ClCompile>
    <ClCompile Include="Jolt\Physics\Constraints\ContactConstraintManager.cpp">
      <Filter>Physics\Jolt</Filter>
    </ClCompile>
    <ClCompile Include="Jolt\Physics\Constraints\DistanceConstraint.cpp">
      <Filter>Physics\Jolt</Filter>
    </ClCompile>
    <ClCompile Include="Jolt\Physics\Constraints\FixedConstraint.cpp">
      <Filter>Physics\Jolt</Filter>
    </ClCompile>
    <ClCompile Include="Jolt\Physics\Constraints\GearConstraint.cpp">
      <Filter>Physics\Jolt</Filter>
    </ClCompile>
    <ClCompile Include="Jolt\Physics\Constraints\HingeConstraint.cpp">
      <Filter>Physics\Jolt</Filter>
    </ClCompile>
    <ClCompile Include="Jolt\Physics\Constraints\MotorSettings.cpp">
      <Filter>Physics\Jolt</Filter>
    </ClCompile>
    <ClCompile Include="Jolt\Physics\Constraints\PathConstraint.cpp">
      <Filter>Physics\Jolt</Filter>
    </ClCompile>
    <ClCompile Include="Jolt\Physics\Constraints\PathConstraintPath.cpp">
      <Filter>Physics\Jolt</Filter>
    </ClCompile>
    <ClCompile Include="Jolt\Physics\Constraints\PathConstraintPathHermite.cpp">
      <Filter>Physics\Jolt</Filter>
    </ClCompile>
    <ClCompile Include="Jolt\Physics\Constraints\PointConstraint.cpp">
      <Filter>Physics\Jolt</Filter>
    </ClCompile>
    <ClCompile Include="Jolt\Physics\Constraints\PulleyConstraint.cpp">
      <Filter>Physics\Jolt</Filter>
    </ClCompile>
    <ClCompile Include="Jolt\Physics\Constraints\RackAndPinionConstraint.cpp">
      <Filter>Physics\Jolt</Filter>
    </ClCompile>
    <ClCompile Include="Jolt\Physics\Constraints\SixDOFConstraint.cpp">
      <Filter>Physics\Jolt</Filter>
    </ClCompile>
    <ClCompile Include="Jolt\Physics\Constraints\SliderConstraint.cpp">
      <Filter>Physics\Jolt</Filter>
    </ClCompile>
    <ClCompile Include="Jolt\Physics\Constraints\SwingTwistConstraint.cpp">
      <Filter>Physics\Jolt</Filter>
    </ClCompile>
    <ClCompile Include="Jolt\Physics\Constraints\TwoBodyConstraint.cpp">
      <Filter>Physics\Jolt</Filter>
    </ClCompile>
    <ClCompile Include="Jolt\Physics\Ragdoll\Ragdoll.cpp">
      <Filter>Physics\Jolt</Filter>
    </ClCompile>
    <ClCompile Include="Jolt\Physics\Vehicle\TrackedVehicleController.cpp">
      <Filter>Physics\Jolt</Filter>
    </ClCompile>
    <ClCompile Include="Jolt\Physics\Vehicle\VehicleAntiRollBar.cpp">
      <Filter>Physics\Jolt</Filter>
    </ClCompile>
    <ClCompile Include="Jolt\Physics\Vehicle\VehicleCollisionTester.cpp">
      <Filter>Physics\Jolt</Filter>
    </ClCompile>
    <ClCompile Include="Jolt\Physics\Vehicle\VehicleConstraint.cpp">
      <Filter>Physics\Jolt</Filter>
    </ClCompile>
    <ClCompile Include="Jolt\Physics\Vehicle\VehicleController.cpp">
      <Filter>Physics\Jolt</Filter>
    </ClCompile>
    <ClCompile Include="Jolt\Physics\Vehicle\VehicleDifferential.cpp">
      <Filter>Physics\Jolt</Filter>
    </ClCompile>
    <ClCompile Include="Jolt\Physics\Vehicle\VehicleEngine.cpp">
      <Filter>Physics\Jolt</Filter>
    </ClCompile>
    <ClCompile Include="Jolt\Physics\Vehicle\VehicleTrack.cpp">
      <Filter>Physics\Jolt</Filter>
    </ClCompile>
    <ClCompile Include="Jolt\Physics\Vehicle\VehicleTransmission.cpp">
      <Filter>Physics\Jolt</Filter>
    </ClCompile>
    <ClCompile Include="Jolt\Physics\Vehicle\Wheel.cpp">
      <Filter>Physics\Jolt</Filter>
    </ClCompile>
    <ClCompile Include="Jolt\Physics\Vehicle\WheeledVehicleController.cpp">
      <Filter>Physics\Jolt</Filter>
    </ClCompile>
    <ClCompile Include="Jolt\Physics\DeterminismLog.cpp">
      <Filter>Physics\Jolt</Filter>
    </ClCompile>
    <ClCompile Include="Jolt\Physics\IslandBuilder.cpp">
      <Filter>Physics\Jolt</Filter>
    </ClCompile>
    <ClCompile Include="Jolt\Physics\PhysicsLock.cpp">
      <Filter>Physics\Jolt</Filter>
    </ClCompile>
    <ClCompile Include="Jolt\Physics\PhysicsScene.cpp">
      <Filter>Physics\Jolt</Filter>
    </ClCompile>
    <ClCompile Include="Jolt\Physics\PhysicsSystem.cpp">
      <Filter>Physics\Jolt</Filter>
    </ClCompile>
    <ClCompile Include="Jolt\Physics\PhysicsUpdateContext.cpp">
      <Filter>Physics\Jolt</Filter>
    </ClCompile>
    <ClCompile Include="Jolt\Physics\StateRecorderImpl.cpp">
      <Filter>Physics\Jolt</Filter>
    </ClCompile>
    <ClCompile Include="Jolt\Renderer\DebugRenderer.cpp">
      <Filter>Physics\Jolt</Filter>
    </ClCompile>
    <ClCompile Include="Jolt\Renderer\DebugRendererPlayback.cpp">
      <Filter>Physics\Jolt</Filter>
    </ClCompile>
    <ClCompile Include="Jolt\Renderer\DebugRendererRecorder.cpp">
      <Filter>Physics\Jolt</Filter>
    </ClCompile>
    <ClCompile Include="Jolt\Skeleton\SkeletalAnimation.cpp">
      <Filter>Physics\Jolt</Filter>
    </ClCompile>
    <ClCompile Include="Jolt\Skeleton\Skeleton.cpp">
      <Filter>Physics\Jolt</Filter>
    </ClCompile>
    <ClCompile Include="Jolt\Skeleton\SkeletonMapper.cpp">
      <Filter>Physics\Jolt</Filter>
    </ClCompile>
    <ClCompile Include="Jolt\Skeleton\SkeletonPose.cpp">
      <Filter>Physics\Jolt</Filter>
    </ClCompile>
    <ClCompile Include="Jolt\TriangleGrouper\TriangleGrouperClosestCentroid.cpp">
      <Filter>Physics\Jolt</Filter>
    </ClCompile>
    <ClCompile Include="Jolt\TriangleGrouper\TriangleGrouperMorton.cpp">
      <Filter>Physics\Jolt</Filter>
    </ClCompile>
    <ClCompile Include="Jolt\TriangleSplitter\TriangleSplitter.cpp">
      <Filter>Physics\Jolt</Filter>
    </ClCompile>
    <ClCompile Include="Jolt\TriangleSplitter\TriangleSplitterBinning.cpp">
      <Filter>Physics\Jolt</Filter>
    </ClCompile>
    <ClCompile Include="Jolt\TriangleSplitter\TriangleSplitterFixedLeafSize.cpp">
      <Filter>Physics\Jolt</Filter>
    </ClCompile>
    <ClCompile Include="Jolt\TriangleSplitter\TriangleSplitterLongestAxis.cpp">
      <Filter>Physics\Jolt</Filter>
    </ClCompile>
    <ClCompile Include="Jolt\TriangleSplitter\TriangleSplitterMean.cpp">
      <Filter>Physics\Jolt</Filter>
    </ClCompile>
    <ClCompile Include="Jolt\TriangleSplitter\TriangleSplitterMorton.cpp">
      <Filter>Physics\Jolt</Filter>
    </ClCompile>
    <ClCompile Include="Jolt\RegisterTypes.cpp">
      <Filter>Physics\Jolt</Filter>
    </ClCompile>
    <ClCompile Include="Jolt\Core\JobSystemWithBarrier.cpp">
      <Filter>Physics\Jolt</Filter>
    </ClCompile>
    <ClCompile Include="Jolt\Core\Semaphore.cpp">
      <Filter>Physics\Jolt</Filter>
    </ClCompile>
    <ClCompile Include="Jolt\Physics\LargeIslandSplitter.cpp">
      <Filter>Physics\Jolt</Filter>
    </ClCompile>
  </ItemGroup>
  <ItemGroup>
    <ClInclude Include="ImageLibrary\DataReaderWriter.h">
      <Filter>ImageLibrary</Filter>
    </ClInclude>
    <ClInclude Include="ImageLibrary\NULLPrerequisites.h">
      <Filter>ImageLibrary</Filter>
    </ClInclude>
    <ClInclude Include="ImageLibrary\NULLRenderSystem.h">
      <Filter>ImageLibrary</Filter>
    </ClInclude>
    <ClInclude Include="ImageLibrary\Ogre.h">
      <Filter>ImageLibrary</Filter>
    </ClInclude>
    <ClInclude Include="ImageLibrary\OgreAlignedAllocator.h">
      <Filter>ImageLibrary</Filter>
    </ClInclude>
    <ClInclude Include="ImageLibrary\OgreArchive.h">
      <Filter>ImageLibrary</Filter>
    </ClInclude>
    <ClInclude Include="ImageLibrary\OgreArchiveFactory.h">
      <Filter>ImageLibrary</Filter>
    </ClInclude>
    <ClInclude Include="ImageLibrary\OgreArchiveManager.h">
      <Filter>ImageLibrary</Filter>
    </ClInclude>
    <ClInclude Include="ImageLibrary\OgreAtomicWrappers.h">
      <Filter>ImageLibrary</Filter>
    </ClInclude>
    <ClInclude Include="ImageLibrary\OgreAxisAlignedBox.h">
      <Filter>ImageLibrary</Filter>
    </ClInclude>
    <ClInclude Include="ImageLibrary\OgreAxisAlignedBoxD.h">
      <Filter>ImageLibrary</Filter>
    </ClInclude>
    <ClInclude Include="ImageLibrary\OgreBitwise.h">
      <Filter>ImageLibrary</Filter>
    </ClInclude>
    <ClInclude Include="ImageLibrary\OgreBlendMode.h">
      <Filter>ImageLibrary</Filter>
    </ClInclude>
    <ClInclude Include="ImageLibrary\OgreCodec.h">
      <Filter>ImageLibrary</Filter>
    </ClInclude>
    <ClInclude Include="ImageLibrary\OgreColourValue.h">
      <Filter>ImageLibrary</Filter>
    </ClInclude>
    <ClInclude Include="ImageLibrary\OgreCommon.h">
      <Filter>ImageLibrary</Filter>
    </ClInclude>
    <ClInclude Include="ImageLibrary\OgreConfig.h">
      <Filter>ImageLibrary</Filter>
    </ClInclude>
    <ClInclude Include="ImageLibrary\OgreConfigOptionMap.h">
      <Filter>ImageLibrary</Filter>
    </ClInclude>
    <ClInclude Include="ImageLibrary\OgreDataStream.h">
      <Filter>ImageLibrary</Filter>
    </ClInclude>
    <ClInclude Include="ImageLibrary\OgreDDSCodec.h">
      <Filter>ImageLibrary</Filter>
    </ClInclude>
    <ClInclude Include="ImageLibrary\OgreDebugKeys.h">
      <Filter>ImageLibrary</Filter>
    </ClInclude>
    <ClInclude Include="ImageLibrary\OgreDynLib.h">
      <Filter>ImageLibrary</Filter>
    </ClInclude>
    <ClInclude Include="ImageLibrary\OgreDynLibManager.h">
      <Filter>ImageLibrary</Filter>
    </ClInclude>
    <ClInclude Include="ImageLibrary\OgreException.h">
      <Filter>ImageLibrary</Filter>
    </ClInclude>
    <ClInclude Include="ImageLibrary\OgreFactoryObj.h">
      <Filter>ImageLibrary</Filter>
    </ClInclude>
    <ClInclude Include="ImageLibrary\OgreFreeImageCodec.h">
      <Filter>ImageLibrary</Filter>
    </ClInclude>
    <ClInclude Include="ImageLibrary\OgreHeaderPrefix.h">
      <Filter>ImageLibrary</Filter>
    </ClInclude>
    <ClInclude Include="ImageLibrary\OgreHeaderSuffix.h">
      <Filter>ImageLibrary</Filter>
    </ClInclude>
    <ClInclude Include="ImageLibrary\OgreImage.h">
      <Filter>ImageLibrary</Filter>
    </ClInclude>
    <ClInclude Include="ImageLibrary\OgreImageCodec.h">
      <Filter>ImageLibrary</Filter>
    </ClInclude>
    <ClInclude Include="ImageLibrary\OgreImageResampler.h">
      <Filter>ImageLibrary</Filter>
    </ClInclude>
    <ClInclude Include="ImageLibrary\OgreIteratorRange.h">
      <Filter>ImageLibrary</Filter>
    </ClInclude>
    <ClInclude Include="ImageLibrary\OgreIteratorWrapper.h">
      <Filter>ImageLibrary</Filter>
    </ClInclude>
    <ClInclude Include="ImageLibrary\OgreIteratorWrappers.h">
      <Filter>ImageLibrary</Filter>
    </ClInclude>
    <ClInclude Include="ImageLibrary\OgreLog.h">
      <Filter>ImageLibrary</Filter>
    </ClInclude>
    <ClInclude Include="ImageLibrary\OgreLogManager.h">
      <Filter>ImageLibrary</Filter>
    </ClInclude>
    <ClInclude Include="ImageLibrary\OgreMath.h">
      <Filter>ImageLibrary</Filter>
    </ClInclude>
    <ClInclude Include="ImageLibrary\OgreMathD.h">
      <Filter>ImageLibrary</Filter>
    </ClInclude>
    <ClInclude Include="ImageLibrary\OgreMatrix3.h">
      <Filter>ImageLibrary</Filter>
    </ClInclude>
    <ClInclude Include="ImageLibrary\OgreMatrix3D.h">
      <Filter>ImageLibrary</Filter>
    </ClInclude>
    <ClInclude Include="ImageLibrary\OgreMatrix4.h">
      <Filter>ImageLibrary</Filter>
    </ClInclude>
    <ClInclude Include="ImageLibrary\OgreMemoryAllocatedObject.h">
      <Filter>ImageLibrary</Filter>
    </ClInclude>
    <ClInclude Include="ImageLibrary\OgreMemoryAllocatorConfig.h">
      <Filter>ImageLibrary</Filter>
    </ClInclude>
    <ClInclude Include="ImageLibrary\OgreMemoryStdAlloc.h">
      <Filter>ImageLibrary</Filter>
    </ClInclude>
    <ClInclude Include="ImageLibrary\OgreMemorySTLAllocator.h">
      <Filter>ImageLibrary</Filter>
    </ClInclude>
    <ClInclude Include="ImageLibrary\OgreOptimisedUtil.h">
      <Filter>ImageLibrary</Filter>
    </ClInclude>
    <ClInclude Include="ImageLibrary\OgrePixelConversions.h">
      <Filter>ImageLibrary</Filter>
    </ClInclude>
    <ClInclude Include="ImageLibrary\OgrePixelFormat.h">
      <Filter>ImageLibrary</Filter>
    </ClInclude>
    <ClInclude Include="ImageLibrary\OgrePixelFormatDescriptions.h">
      <Filter>ImageLibrary</Filter>
    </ClInclude>
    <ClInclude Include="ImageLibrary\OgrePlane.h">
      <Filter>ImageLibrary</Filter>
    </ClInclude>
    <ClInclude Include="ImageLibrary\OgrePlaneBoundedVolume.h">
      <Filter>ImageLibrary</Filter>
    </ClInclude>
    <ClInclude Include="ImageLibrary\OgrePlaneD.h">
      <Filter>ImageLibrary</Filter>
    </ClInclude>
    <ClInclude Include="ImageLibrary\OgrePlatform.h">
      <Filter>ImageLibrary</Filter>
    </ClInclude>
    <ClInclude Include="ImageLibrary\OgrePlatformInformation.h">
      <Filter>ImageLibrary</Filter>
    </ClInclude>
    <ClInclude Include="ImageLibrary\OgrePrerequisites.h">
      <Filter>ImageLibrary</Filter>
    </ClInclude>
    <ClInclude Include="ImageLibrary\OgrePVRTCCodec.h">
      <Filter>ImageLibrary</Filter>
    </ClInclude>
    <ClInclude Include="ImageLibrary\OgreQuaternion.h">
      <Filter>ImageLibrary</Filter>
    </ClInclude>
    <ClInclude Include="ImageLibrary\OgreRay.h">
      <Filter>ImageLibrary</Filter>
    </ClInclude>
    <ClInclude Include="ImageLibrary\OgreRayD.h">
      <Filter>ImageLibrary</Filter>
    </ClInclude>
    <ClInclude Include="ImageLibrary\OgreRectangle.h">
      <Filter>ImageLibrary</Filter>
    </ClInclude>
    <ClInclude Include="ImageLibrary\OgreRenderSystem.h">
      <Filter>ImageLibrary</Filter>
    </ClInclude>
    <ClInclude Include="ImageLibrary\OgreRenderSystemCapabilities.h">
      <Filter>ImageLibrary</Filter>
    </ClInclude>
    <ClInclude Include="ImageLibrary\OgreResource.h">
      <Filter>ImageLibrary</Filter>
    </ClInclude>
    <ClInclude Include="ImageLibrary\OgreResourceGroupManager.h">
      <Filter>ImageLibrary</Filter>
    </ClInclude>
    <ClInclude Include="ImageLibrary\OgreResourceManager.h">
      <Filter>ImageLibrary</Filter>
    </ClInclude>
    <ClInclude Include="ImageLibrary\OgreRoot.h">
      <Filter>ImageLibrary</Filter>
    </ClInclude>
    <ClInclude Include="ImageLibrary\OgreSceneManager.h">
      <Filter>ImageLibrary</Filter>
    </ClInclude>
    <ClInclude Include="ImageLibrary\OgreSharedPtr.h">
      <Filter>ImageLibrary</Filter>
    </ClInclude>
    <ClInclude Include="ImageLibrary\OgreSIMDHelper.h">
      <Filter>ImageLibrary</Filter>
    </ClInclude>
    <ClInclude Include="ImageLibrary\OgreSingleton.h">
      <Filter>ImageLibrary</Filter>
    </ClInclude>
    <ClInclude Include="ImageLibrary\OgreSphere.h">
      <Filter>ImageLibrary</Filter>
    </ClInclude>
    <ClInclude Include="ImageLibrary\OgreSphereD.h">
      <Filter>ImageLibrary</Filter>
    </ClInclude>
    <ClInclude Include="ImageLibrary\OgreStableHeaders.h">
      <Filter>ImageLibrary</Filter>
    </ClInclude>
    <ClInclude Include="ImageLibrary\OgreStdHeaders.h">
      <Filter>ImageLibrary</Filter>
    </ClInclude>
    <ClInclude Include="ImageLibrary\OgreString.h">
      <Filter>ImageLibrary</Filter>
    </ClInclude>
    <ClInclude Include="ImageLibrary\OgreStringConverter.h">
      <Filter>ImageLibrary</Filter>
    </ClInclude>
    <ClInclude Include="ImageLibrary\OgreStringInterface.h">
      <Filter>ImageLibrary</Filter>
    </ClInclude>
    <ClInclude Include="ImageLibrary\OgreStringVector.h">
      <Filter>ImageLibrary</Filter>
    </ClInclude>
    <ClInclude Include="ImageLibrary\OgreThreadDefines.h">
      <Filter>ImageLibrary</Filter>
    </ClInclude>
    <ClInclude Include="ImageLibrary\OgreThreadDefinesNone.h">
      <Filter>ImageLibrary</Filter>
    </ClInclude>
    <ClInclude Include="ImageLibrary\OgreVector2.h">
      <Filter>ImageLibrary</Filter>
    </ClInclude>
    <ClInclude Include="ImageLibrary\OgreVector3.h">
      <Filter>ImageLibrary</Filter>
    </ClInclude>
    <ClInclude Include="ImageLibrary\OgreVector3D.h">
      <Filter>ImageLibrary</Filter>
    </ClInclude>
    <ClInclude Include="ImageLibrary\OgreVector4.h">
      <Filter>ImageLibrary</Filter>
    </ClInclude>
    <ClInclude Include="ImageLibrary\YUVToRGBConverter.h">
      <Filter>ImageLibrary</Filter>
    </ClInclude>
    <ClInclude Include="MemoryManager\MemoryManager.h">
      <Filter>MemoryManager</Filter>
    </ClInclude>
    <ClInclude Include="MemoryManager\MemoryManager_ManageNew.h">
      <Filter>MemoryManager</Filter>
    </ClInclude>
    <ClInclude Include="MemoryManager\MemoryManager_SimpleNew.h">
      <Filter>MemoryManager</Filter>
    </ClInclude>
    <ClInclude Include="MemoryManager\MemoryManagerInternal.h">
      <Filter>MemoryManager</Filter>
    </ClInclude>
    <ClInclude Include="MemoryManager\MemoryManagerInternal_precompiled.h">
      <Filter>MemoryManager</Filter>
    </ClInclude>
    <ClInclude Include="NativeWrapper\AdditionalMathFunctions.h">
      <Filter>NativeWrapper</Filter>
    </ClInclude>
    <ClInclude Include="NativeWrapper\FreeType_Wrapper.h">
      <Filter>NativeWrapper</Filter>
    </ClInclude>
    <ClInclude Include="NativeWrapper\MiniDump.h">
      <Filter>NativeWrapper</Filter>
    </ClInclude>
    <ClInclude Include="NativeWrapper\MyOgreLogListener.h">
      <Filter>NativeWrapper</Filter>
    </ClInclude>
    <ClInclude Include="NativeWrapper\MyOgreSceneManager.h">
      <Filter>NativeWrapper</Filter>
    </ClInclude>
    <ClInclude Include="NativeWrapper\MyOgreVirtualFileSystem.h">
      <Filter>NativeWrapper</Filter>
    </ClInclude>
    <ClInclude Include="NativeWrapper\OgreArchiveManager_Wrapper.h">
      <Filter>NativeWrapper</Filter>
    </ClInclude>
    <ClInclude Include="NativeWrapper\OgreImageManager_Wrapper.h">
      <Filter>NativeWrapper</Filter>
    </ClInclude>
    <ClInclude Include="NativeWrapper\OgreLogManager_Wrapper.h">
      <Filter>NativeWrapper</Filter>
    </ClInclude>
    <ClInclude Include="NativeWrapper\OgreNameValuePairList_Wrapper.h">
      <Filter>NativeWrapper</Filter>
    </ClInclude>
    <ClInclude Include="NativeWrapper\OgreNativeWrapper.h">
      <Filter>NativeWrapper</Filter>
    </ClInclude>
    <ClInclude Include="NativeWrapper\OgreNativeWrapperGeneral.h">
      <Filter>NativeWrapper</Filter>
    </ClInclude>
    <ClInclude Include="NativeWrapper\OgrePixelFormat_Wrapper.h">
      <Filter>NativeWrapper</Filter>
    </ClInclude>
    <ClInclude Include="NativeWrapper\OgreResourceGroupManager_Wrapper.h">
      <Filter>NativeWrapper</Filter>
    </ClInclude>
    <ClInclude Include="NativeWrapper\OgreRoot_Wrapper.h">
      <Filter>NativeWrapper</Filter>
    </ClInclude>
    <ClInclude Include="NativeWrapper\OgreStringInterface_Wrapper.h">
      <Filter>NativeWrapper</Filter>
    </ClInclude>
    <ClInclude Include="NativeWrapper\YUVToRGBConverter_Wrapper.h">
      <Filter>NativeWrapper</Filter>
    </ClInclude>
    <ClInclude Include="NeoAxis\AxisAlignedBoxI.h">
      <Filter>NeoAxis</Filter>
    </ClInclude>
    <ClInclude Include="NeoAxis\Bounds.h">
      <Filter>NeoAxis</Filter>
    </ClInclude>
    <ClInclude Include="NeoAxis\BoundsD.h">
      <Filter>NeoAxis</Filter>
    </ClInclude>
    <ClInclude Include="NeoAxis\BoundsI.h">
      <Filter>NeoAxis</Filter>
    </ClInclude>
    <ClInclude Include="NeoAxis\DirectInputNativeWrapper.h">
      <Filter>NeoAxis</Filter>
    </ClInclude>
    <ClInclude Include="NeoAxis\NativeImpl.h">
      <Filter>NeoAxis</Filter>
    </ClInclude>
    <ClInclude Include="NeoAxis\NativeMemoryDictionary.h">
      <Filter>NeoAxis</Filter>
    </ClInclude>
    <ClInclude Include="NeoAxis\NeoAxisCoreNative.h">
      <Filter>NeoAxis</Filter>
    </ClInclude>
    <ClInclude Include="NeoAxis\OBB.h">
      <Filter>NeoAxis</Filter>
    </ClInclude>
    <ClInclude Include="NeoAxis\OBBD.h">
      <Filter>NeoAxis</Filter>
    </ClInclude>
    <ClInclude Include="NeoAxis\OctreeContainer.h">
      <Filter>NeoAxis</Filter>
    </ClInclude>
    <ClInclude Include="NeoAxis\StringUtils.h">
      <Filter>NeoAxis</Filter>
    </ClInclude>
    <ClInclude Include="NeoAxis\UtilsNativeWrapper.h">
      <Filter>NeoAxis</Filter>
    </ClInclude>
    <ClInclude Include="NeoAxis\Vector3I.h">
      <Filter>NeoAxis</Filter>
    </ClInclude>
    <ClInclude Include="NeoAxis\vhacd\VHACD.h">
      <Filter>NeoAxis\vhacd</Filter>
    </ClInclude>
    <ClInclude Include="NeoAxis\vhacd\src\btAlignedAllocator.h">
      <Filter>NeoAxis\vhacd</Filter>
    </ClInclude>
    <ClInclude Include="NeoAxis\vhacd\src\btAlignedObjectArray.h">
      <Filter>NeoAxis\vhacd</Filter>
    </ClInclude>
    <ClInclude Include="NeoAxis\vhacd\src\btConvexHullComputer.h">
      <Filter>NeoAxis\vhacd</Filter>
    </ClInclude>
    <ClInclude Include="NeoAxis\vhacd\src\btMinMax.h">
      <Filter>NeoAxis\vhacd</Filter>
    </ClInclude>
    <ClInclude Include="NeoAxis\vhacd\src\btScalar.h">
      <Filter>NeoAxis\vhacd</Filter>
    </ClInclude>
    <ClInclude Include="NeoAxis\vhacd\src\btVector3.h">
      <Filter>NeoAxis\vhacd</Filter>
    </ClInclude>
    <ClInclude Include="NeoAxis\vhacd\src\FloatMath.h">
      <Filter>NeoAxis\vhacd</Filter>
    </ClInclude>
    <ClInclude Include="NeoAxis\vhacd\src\vhacdCircularList.h">
      <Filter>NeoAxis\vhacd</Filter>
    </ClInclude>
    <ClInclude Include="NeoAxis\vhacd\src\vhacdICHull.h">
      <Filter>NeoAxis\vhacd</Filter>
    </ClInclude>
    <ClInclude Include="NeoAxis\vhacd\src\vhacdManifoldMesh.h">
      <Filter>NeoAxis\vhacd</Filter>
    </ClInclude>
    <ClInclude Include="NeoAxis\vhacd\src\vhacdMesh.h">
      <Filter>NeoAxis\vhacd</Filter>
    </ClInclude>
    <ClInclude Include="NeoAxis\vhacd\src\vhacdMutex.h">
      <Filter>NeoAxis\vhacd</Filter>
    </ClInclude>
    <ClInclude Include="NeoAxis\vhacd\src\vhacdRaycastMesh.h">
      <Filter>NeoAxis\vhacd</Filter>
    </ClInclude>
    <ClInclude Include="NeoAxis\vhacd\src\vhacdSArray.h">
      <Filter>NeoAxis\vhacd</Filter>
    </ClInclude>
    <ClInclude Include="NeoAxis\vhacd\src\vhacdTimer.h">
      <Filter>NeoAxis\vhacd</Filter>
    </ClInclude>
    <ClInclude Include="NeoAxis\vhacd\src\vhacdVector.h">
      <Filter>NeoAxis\vhacd</Filter>
    </ClInclude>
    <ClInclude Include="NeoAxis\vhacd\src\vhacdVHACD.h">
      <Filter>NeoAxis\vhacd</Filter>
    </ClInclude>
    <ClInclude Include="NeoAxis\vhacd\src\vhacdVolume.h">
      <Filter>NeoAxis\vhacd</Filter>
    </ClInclude>
    <ClInclude Include="..\External\OggVorbisTheora\libvorbis\lib\backends.h">
      <Filter>ogg</Filter>
    </ClInclude>
    <ClInclude Include="..\External\OggVorbisTheora\libvorbis\lib\bitrate.h">
      <Filter>ogg</Filter>
    </ClInclude>
    <ClInclude Include="..\External\OggVorbisTheora\libvorbis\lib\codebook.h">
      <Filter>ogg</Filter>
    </ClInclude>
    <ClInclude Include="..\External\OggVorbisTheora\libvorbis\lib\codec_internal.h">
      <Filter>ogg</Filter>
    </ClInclude>
    <ClInclude Include="..\External\OggVorbisTheora\libvorbis\lib\envelope.h">
      <Filter>ogg</Filter>
    </ClInclude>
    <ClInclude Include="..\External\OggVorbisTheora\libvorbis\lib\highlevel.h">
      <Filter>ogg</Filter>
    </ClInclude>
    <ClInclude Include="..\External\OggVorbisTheora\libvorbis\lib\lookup.h">
      <Filter>ogg</Filter>
    </ClInclude>
    <ClInclude Include="..\External\OggVorbisTheora\libvorbis\lib\lookup_data.h">
      <Filter>ogg</Filter>
    </ClInclude>
    <ClInclude Include="..\External\OggVorbisTheora\libvorbis\lib\lpc.h">
      <Filter>ogg</Filter>
    </ClInclude>
    <ClInclude Include="..\External\OggVorbisTheora\libvorbis\lib\lsp.h">
      <Filter>ogg</Filter>
    </ClInclude>
    <ClInclude Include="..\External\OggVorbisTheora\libvorbis\lib\masking.h">
      <Filter>ogg</Filter>
    </ClInclude>
    <ClInclude Include="..\External\OggVorbisTheora\libvorbis\lib\mdct.h">
      <Filter>ogg</Filter>
    </ClInclude>
    <ClInclude Include="..\External\OggVorbisTheora\libvorbis\lib\misc.h">
      <Filter>ogg</Filter>
    </ClInclude>
    <ClInclude Include="..\External\OggVorbisTheora\libogg\include\ogg\ogg.h">
      <Filter>ogg</Filter>
    </ClInclude>
    <ClInclude Include="..\External\OggVorbisTheora\libvorbis\lib\os.h">
      <Filter>ogg</Filter>
    </ClInclude>
    <ClInclude Include="..\External\OggVorbisTheora\libogg\include\ogg\os_types.h">
      <Filter>ogg</Filter>
    </ClInclude>
    <ClInclude Include="..\External\OggVorbisTheora\libvorbis\lib\psy.h">
      <Filter>ogg</Filter>
    </ClInclude>
    <ClInclude Include="..\External\OggVorbisTheora\libvorbis\lib\registry.h">
      <Filter>ogg</Filter>
    </ClInclude>
    <ClInclude Include="..\External\OggVorbisTheora\libvorbis\lib\scales.h">
      <Filter>ogg</Filter>
    </ClInclude>
    <ClInclude Include="..\External\OggVorbisTheora\libvorbis\lib\smallft.h">
      <Filter>ogg</Filter>
    </ClInclude>
    <ClInclude Include="..\External\OggVorbisTheora\libvorbis\lib\window.h">
      <Filter>ogg</Filter>
    </ClInclude>
    <ClInclude Include="Jolt\NeoAxisPhysicsNative.h">
      <Filter>Physics</Filter>
    </ClInclude>
    <ClInclude Include="Jolt\AABBTree\NodeCodec\NodeCodecQuadTreeHalfFloat.h">
      <Filter>Physics\Jolt</Filter>
    </ClInclude>
    <ClInclude Include="Jolt\AABBTree\TriangleCodec\TriangleCodecIndexed8BitPackSOA4Flags.h">
      <Filter>Physics\Jolt</Filter>
    </ClInclude>
    <ClInclude Include="Jolt\AABBTree\AABBTreeBuilder.h">
      <Filter>Physics\Jolt</Filter>
    </ClInclude>
    <ClInclude Include="Jolt\AABBTree\AABBTreeToBuffer.h">
      <Filter>Physics\Jolt</Filter>
    </ClInclude>
    <ClInclude Include="Jolt\Core\ARMNeon.h">
      <Filter>Physics\Jolt</Filter>
    </ClInclude>
    <ClInclude Include="Jolt\Core\Atomics.h">
      <Filter>Physics\Jolt</Filter>
    </ClInclude>
    <ClInclude Include="Jolt\Core\ByteBuffer.h">
      <Filter>Physics\Jolt</Filter>
    </ClInclude>
    <ClInclude Include="Jolt\Core\Color.h">
      <Filter>Physics\Jolt</Filter>
    </ClInclude>
    <ClInclude Include="Jolt\Core\Core.h">
      <Filter>Physics\Jolt</Filter>
    </ClInclude>
    <ClInclude Include="Jolt\Core\Factory.h">
      <Filter>Physics\Jolt</Filter>
    </ClInclude>
    <ClInclude Include="Jolt\Core\FixedSizeFreeList.h">
      <Filter>Physics\Jolt</Filter>
    </ClInclude>
    <ClInclude Include="Jolt\Core\FPControlWord.h">
      <Filter>Physics\Jolt</Filter>
    </ClInclude>
    <ClInclude Include="Jolt\Core\FPException.h">
      <Filter>Physics\Jolt</Filter>
    </ClInclude>
    <ClInclude Include="Jolt\Core\FPFlushDenormals.h">
      <Filter>Physics\Jolt</Filter>
    </ClInclude>
    <ClInclude Include="Jolt\Core\HashCombine.h">
      <Filter>Physics\Jolt</Filter>
    </ClInclude>
    <ClInclude Include="Jolt\Core\InsertionSort.h">
      <Filter>Physics\Jolt</Filter>
    </ClInclude>
    <ClInclude Include="Jolt\Core\IssueReporting.h">
      <Filter>Physics\Jolt</Filter>
    </ClInclude>
    <ClInclude Include="Jolt\Core\JobSystem.h">
      <Filter>Physics\Jolt</Filter>
    </ClInclude>
    <ClInclude Include="Jolt\Core\JobSystemThreadPool.h">
      <Filter>Physics\Jolt</Filter>
    </ClInclude>
    <ClInclude Include="Jolt\Core\LinearCurve.h">
      <Filter>Physics\Jolt</Filter>
    </ClInclude>
    <ClInclude Include="Jolt\Core\LockFreeHashMap.h">
      <Filter>Physics\Jolt</Filter>
    </ClInclude>
    <ClInclude Include="Jolt\Core\Memory.h">
      <Filter>Physics\Jolt</Filter>
    </ClInclude>
    <ClInclude Include="Jolt\Core\Mutex.h">
      <Filter>Physics\Jolt</Filter>
    </ClInclude>
    <ClInclude Include="Jolt\Core\MutexArray.h">
      <Filter>Physics\Jolt</Filter>
    </ClInclude>
    <ClInclude Include="Jolt\Core\NonCopyable.h">
      <Filter>Physics\Jolt</Filter>
    </ClInclude>
    <ClInclude Include="Jolt\Core\Profiler.h">
      <Filter>Physics\Jolt</Filter>
    </ClInclude>
    <ClInclude Include="Jolt\Core\QuickSort.h">
      <Filter>Physics\Jolt</Filter>
    </ClInclude>
    <ClInclude Include="Jolt\Core\Reference.h">
      <Filter>Physics\Jolt</Filter>
    </ClInclude>
    <ClInclude Include="Jolt\Core\Result.h">
      <Filter>Physics\Jolt</Filter>
    </ClInclude>
    <ClInclude Include="Jolt\Core\RTTI.h">
      <Filter>Physics\Jolt</Filter>
    </ClInclude>
    <ClInclude Include="Jolt\Core\StaticArray.h">
      <Filter>Physics\Jolt</Filter>
    </ClInclude>
    <ClInclude Include="Jolt\Core\STLAlignedAllocator.h">
      <Filter>Physics\Jolt</Filter>
    </ClInclude>
    <ClInclude Include="Jolt\Core\STLAllocator.h">
      <Filter>Physics\Jolt</Filter>
    </ClInclude>
    <ClInclude Include="Jolt\Core\STLTempAllocator.h">
      <Filter>Physics\Jolt</Filter>
    </ClInclude>
    <ClInclude Include="Jolt\Core\StreamIn.h">
      <Filter>Physics\Jolt</Filter>
    </ClInclude>
    <ClInclude Include="Jolt\Core\StreamOut.h">
      <Filter>Physics\Jolt</Filter>
    </ClInclude>
    <ClInclude Include="Jolt\Core\StreamWrapper.h">
      <Filter>Physics\Jolt</Filter>
    </ClInclude>
    <ClInclude Include="Jolt\Core\StringTools.h">
      <Filter>Physics\Jolt</Filter>
    </ClInclude>
    <ClInclude Include="Jolt\Core\TempAllocator.h">
      <Filter>Physics\Jolt</Filter>
    </ClInclude>
    <ClInclude Include="Jolt\Core\TickCounter.h">
      <Filter>Physics\Jolt</Filter>
    </ClInclude>
    <ClInclude Include="Jolt\Core\UnorderedMap.h">
      <Filter>Physics\Jolt</Filter>
    </ClInclude>
    <ClInclude Include="Jolt\Core\UnorderedSet.h">
      <Filter>Physics\Jolt</Filter>
    </ClInclude>
    <ClInclude Include="Jolt\Geometry\AABox.h">
      <Filter>Physics\Jolt</Filter>
    </ClInclude>
    <ClInclude Include="Jolt\Geometry\AABox4.h">
      <Filter>Physics\Jolt</Filter>
    </ClInclude>
    <ClInclude Include="Jolt\Geometry\ClipPoly.h">
      <Filter>Physics\Jolt</Filter>
    </ClInclude>
    <ClInclude Include="Jolt\Geometry\ClosestPoint.h">
      <Filter>Physics\Jolt</Filter>
    </ClInclude>
    <ClInclude Include="Jolt\Geometry\ConvexHullBuilder.h">
      <Filter>Physics\Jolt</Filter>
    </ClInclude>
    <ClInclude Include="Jolt\Geometry\ConvexHullBuilder2D.h">
      <Filter>Physics\Jolt</Filter>
    </ClInclude>
    <ClInclude Include="Jolt\Geometry\ConvexSupport.h">
      <Filter>Physics\Jolt</Filter>
    </ClInclude>
    <ClInclude Include="Jolt\Geometry\Ellipse.h">
      <Filter>Physics\Jolt</Filter>
    </ClInclude>
    <ClInclude Include="Jolt\Geometry\EPAConvexHullBuilder.h">
      <Filter>Physics\Jolt</Filter>
    </ClInclude>
    <ClInclude Include="Jolt\Geometry\EPAPenetrationDepth.h">
      <Filter>Physics\Jolt</Filter>
    </ClInclude>
    <ClInclude Include="Jolt\Geometry\GJKClosestPoint.h">
      <Filter>Physics\Jolt</Filter>
    </ClInclude>
    <ClInclude Include="Jolt\Geometry\IndexedTriangle.h">
      <Filter>Physics\Jolt</Filter>
    </ClInclude>
    <ClInclude Include="Jolt\Geometry\Indexify.h">
      <Filter>Physics\Jolt</Filter>
    </ClInclude>
    <ClInclude Include="Jolt\Geometry\MortonCode.h">
      <Filter>Physics\Jolt</Filter>
    </ClInclude>
    <ClInclude Include="Jolt\Geometry\OrientedBox.h">
      <Filter>Physics\Jolt</Filter>
    </ClInclude>
    <ClInclude Include="Jolt\Geometry\Plane.h">
      <Filter>Physics\Jolt</Filter>
    </ClInclude>
    <ClInclude Include="Jolt\Geometry\RayAABox.h">
      <Filter>Physics\Jolt</Filter>
    </ClInclude>
    <ClInclude Include="Jolt\Geometry\RayAABox8.h">
      <Filter>Physics\Jolt</Filter>
    </ClInclude>
    <ClInclude Include="Jolt\Geometry\RayCapsule.h">
      <Filter>Physics\Jolt</Filter>
    </ClInclude>
    <ClInclude Include="Jolt\Geometry\RayCylinder.h">
      <Filter>Physics\Jolt</Filter>
    </ClInclude>
    <ClInclude Include="Jolt\Geometry\RaySphere.h">
      <Filter>Physics\Jolt</Filter>
    </ClInclude>
    <ClInclude Include="Jolt\Geometry\RayTriangle.h">
      <Filter>Physics\Jolt</Filter>
    </ClInclude>
    <ClInclude Include="Jolt\Geometry\RayTriangle8.h">
      <Filter>Physics\Jolt</Filter>
    </ClInclude>
    <ClInclude Include="Jolt\Geometry\Sphere.h">
      <Filter>Physics\Jolt</Filter>
    </ClInclude>
    <ClInclude Include="Jolt\Geometry\Triangle.h">
      <Filter>Physics\Jolt</Filter>
    </ClInclude>
    <ClInclude Include="Jolt\Math\DMat44.h">
      <Filter>Physics\Jolt</Filter>
    </ClInclude>
    <ClInclude Include="Jolt\Math\Double3.h">
      <Filter>Physics\Jolt</Filter>
    </ClInclude>
    <ClInclude Include="Jolt\Math\DVec3.h">
      <Filter>Physics\Jolt</Filter>
    </ClInclude>
    <ClInclude Include="Jolt\Math\DynMatrix.h">
      <Filter>Physics\Jolt</Filter>
    </ClInclude>
    <ClInclude Include="Jolt\Math\EigenValueSymmetric.h">
      <Filter>Physics\Jolt</Filter>
    </ClInclude>
    <ClInclude Include="Jolt\Math\FindRoot.h">
      <Filter>Physics\Jolt</Filter>
    </ClInclude>
    <ClInclude Include="Jolt\Math\Float2.h">
      <Filter>Physics\Jolt</Filter>
    </ClInclude>
    <ClInclude Include="Jolt\Math\Float3.h">
      <Filter>Physics\Jolt</Filter>
    </ClInclude>
    <ClInclude Include="Jolt\Math\Float4.h">
      <Filter>Physics\Jolt</Filter>
    </ClInclude>
    <ClInclude Include="Jolt\Math\GaussianElimination.h">
      <Filter>Physics\Jolt</Filter>
    </ClInclude>
    <ClInclude Include="Jolt\Math\HalfFloat.h">
      <Filter>Physics\Jolt</Filter>
    </ClInclude>
    <ClInclude Include="Jolt\Math\Mat44.h">
      <Filter>Physics\Jolt</Filter>
    </ClInclude>
    <ClInclude Include="Jolt\Math\Math.h">
      <Filter>Physics\Jolt</Filter>
    </ClInclude>
    <ClInclude Include="Jolt\Math\MathTypes.h">
      <Filter>Physics\Jolt</Filter>
    </ClInclude>
    <ClInclude Include="Jolt\Math\Matrix.h">
      <Filter>Physics\Jolt</Filter>
    </ClInclude>
    <ClInclude Include="Jolt\Math\Quat.h">
      <Filter>Physics\Jolt</Filter>
    </ClInclude>
    <ClInclude Include="Jolt\Math\Real.h">
      <Filter>Physics\Jolt</Filter>
    </ClInclude>
    <ClInclude Include="Jolt\Math\Swizzle.h">
      <Filter>Physics\Jolt</Filter>
    </ClInclude>
    <ClInclude Include="Jolt\Math\Trigonometry.h">
      <Filter>Physics\Jolt</Filter>
    </ClInclude>
    <ClInclude Include="Jolt\Math\UVec4.h">
      <Filter>Physics\Jolt</Filter>
    </ClInclude>
    <ClInclude Include="Jolt\Math\UVec8.h">
      <Filter>Physics\Jolt</Filter>
    </ClInclude>
    <ClInclude Include="Jolt\Math\Vec3.h">
      <Filter>Physics\Jolt</Filter>
    </ClInclude>
    <ClInclude Include="Jolt\Math\Vec4.h">
      <Filter>Physics\Jolt</Filter>
    </ClInclude>
    <ClInclude Include="Jolt\Math\Vec8.h">
      <Filter>Physics\Jolt</Filter>
    </ClInclude>
    <ClInclude Include="Jolt\Math\Vector.h">
      <Filter>Physics\Jolt</Filter>
    </ClInclude>
    <ClInclude Include="Jolt\ObjectStream\GetPrimitiveTypeOfType.h">
      <Filter>Physics\Jolt</Filter>
    </ClInclude>
    <ClInclude Include="Jolt\ObjectStream\ObjectStream.h">
      <Filter>Physics\Jolt</Filter>
    </ClInclude>
    <ClInclude Include="Jolt\ObjectStream\ObjectStreamBinaryIn.h">
      <Filter>Physics\Jolt</Filter>
    </ClInclude>
    <ClInclude Include="Jolt\ObjectStream\ObjectStreamBinaryOut.h">
      <Filter>Physics\Jolt</Filter>
    </ClInclude>
    <ClInclude Include="Jolt\ObjectStream\ObjectStreamIn.h">
      <Filter>Physics\Jolt</Filter>
    </ClInclude>
    <ClInclude Include="Jolt\ObjectStream\ObjectStreamOut.h">
      <Filter>Physics\Jolt</Filter>
    </ClInclude>
    <ClInclude Include="Jolt\ObjectStream\ObjectStreamTextIn.h">
      <Filter>Physics\Jolt</Filter>
    </ClInclude>
    <ClInclude Include="Jolt\ObjectStream\ObjectStreamTextOut.h">
      <Filter>Physics\Jolt</Filter>
    </ClInclude>
    <ClInclude Include="Jolt\ObjectStream\ObjectStreamTypes.h">
      <Filter>Physics\Jolt</Filter>
    </ClInclude>
    <ClInclude Include="Jolt\ObjectStream\SerializableAttribute.h">
      <Filter>Physics\Jolt</Filter>
    </ClInclude>
    <ClInclude Include="Jolt\ObjectStream\SerializableAttributeEnum.h">
      <Filter>Physics\Jolt</Filter>
    </ClInclude>
    <ClInclude Include="Jolt\ObjectStream\SerializableAttributeTyped.h">
      <Filter>Physics\Jolt</Filter>
    </ClInclude>
    <ClInclude Include="Jolt\ObjectStream\SerializableObject.h">
      <Filter>Physics\Jolt</Filter>
    </ClInclude>
    <ClInclude Include="Jolt\ObjectStream\TypeDeclarations.h">
      <Filter>Physics\Jolt</Filter>
    </ClInclude>
    <ClInclude Include="Jolt\Physics\Body\Body.h">
      <Filter>Physics\Jolt</Filter>
    </ClInclude>
    <ClInclude Include="Jolt\Physics\Body\BodyAccess.h">
      <Filter>Physics\Jolt</Filter>
    </ClInclude>
    <ClInclude Include="Jolt\Physics\Body\BodyActivationListener.h">
      <Filter>Physics\Jolt</Filter>
    </ClInclude>
    <ClInclude Include="Jolt\Physics\Body\BodyCreationSettings.h">
      <Filter>Physics\Jolt</Filter>
    </ClInclude>
    <ClInclude Include="Jolt\Physics\Body\BodyFilter.h">
      <Filter>Physics\Jolt</Filter>
    </ClInclude>
    <ClInclude Include="Jolt\Physics\Body\BodyID.h">
      <Filter>Physics\Jolt</Filter>
    </ClInclude>
    <ClInclude Include="Jolt\Physics\Body\BodyInterface.h">
      <Filter>Physics\Jolt</Filter>
    </ClInclude>
    <ClInclude Include="Jolt\Physics\Body\BodyLock.h">
      <Filter>Physics\Jolt</Filter>
    </ClInclude>
    <ClInclude Include="Jolt\Physics\Body\BodyLockInterface.h">
      <Filter>Physics\Jolt</Filter>
    </ClInclude>
    <ClInclude Include="Jolt\Physics\Body\BodyLockMulti.h">
      <Filter>Physics\Jolt</Filter>
    </ClInclude>
    <ClInclude Include="Jolt\Physics\Body\BodyManager.h">
      <Filter>Physics\Jolt</Filter>
    </ClInclude>
    <ClInclude Include="Jolt\Physics\Body\BodyPair.h">
      <Filter>Physics\Jolt</Filter>
    </ClInclude>
    <ClInclude Include="Jolt\Physics\Body\MassProperties.h">
      <Filter>Physics\Jolt</Filter>
    </ClInclude>
    <ClInclude Include="Jolt\Physics\Body\MotionProperties.h">
      <Filter>Physics\Jolt</Filter>
    </ClInclude>
    <ClInclude Include="Jolt\Physics\Body\MotionQuality.h">
      <Filter>Physics\Jolt</Filter>
    </ClInclude>
    <ClInclude Include="Jolt\Physics\Body\MotionType.h">
      <Filter>Physics\Jolt</Filter>
    </ClInclude>
    <ClInclude Include="Jolt\Physics\Character\Character.h">
      <Filter>Physics\Jolt</Filter>
    </ClInclude>
    <ClInclude Include="Jolt\Physics\Character\CharacterBase.h">
      <Filter>Physics\Jolt</Filter>
    </ClInclude>
    <ClInclude Include="Jolt\Physics\Character\CharacterVirtual.h">
      <Filter>Physics\Jolt</Filter>
    </ClInclude>
    <ClInclude Include="Jolt\Physics\Collision\BroadPhase\BroadPhase.h">
      <Filter>Physics\Jolt</Filter>
    </ClInclude>
    <ClInclude Include="Jolt\Physics\Collision\BroadPhase\BroadPhaseBruteForce.h">
      <Filter>Physics\Jolt</Filter>
    </ClInclude>
    <ClInclude Include="Jolt\Physics\Collision\BroadPhase\BroadPhaseLayer.h">
      <Filter>Physics\Jolt</Filter>
    </ClInclude>
    <ClInclude Include="Jolt\Physics\Collision\BroadPhase\BroadPhaseQuadTree.h">
      <Filter>Physics\Jolt</Filter>
    </ClInclude>
    <ClInclude Include="Jolt\Physics\Collision\BroadPhase\BroadPhaseQuery.h">
      <Filter>Physics\Jolt</Filter>
    </ClInclude>
    <ClInclude Include="Jolt\Physics\Collision\BroadPhase\QuadTree.h">
      <Filter>Physics\Jolt</Filter>
    </ClInclude>
    <ClInclude Include="Jolt\Physics\Collision\Shape\BoxShape.h">
      <Filter>Physics\Jolt</Filter>
    </ClInclude>
    <ClInclude Include="Jolt\Physics\Collision\Shape\CapsuleShape.h">
      <Filter>Physics\Jolt</Filter>
    </ClInclude>
    <ClInclude Include="Jolt\Physics\Collision\Shape\CompoundShape.h">
      <Filter>Physics\Jolt</Filter>
    </ClInclude>
    <ClInclude Include="Jolt\Physics\Collision\Shape\CompoundShapeVisitors.h">
      <Filter>Physics\Jolt</Filter>
    </ClInclude>
    <ClInclude Include="Jolt\Physics\Collision\Shape\ConvexHullShape.h">
      <Filter>Physics\Jolt</Filter>
    </ClInclude>
    <ClInclude Include="Jolt\Physics\Collision\Shape\ConvexShape.h">
      <Filter>Physics\Jolt</Filter>
    </ClInclude>
    <ClInclude Include="Jolt\Physics\Collision\Shape\CylinderShape.h">
      <Filter>Physics\Jolt</Filter>
    </ClInclude>
    <ClInclude Include="Jolt\Physics\Collision\Shape\DecoratedShape.h">
      <Filter>Physics\Jolt</Filter>
    </ClInclude>
    <ClInclude Include="Jolt\Physics\Collision\Shape\GetTrianglesContext.h">
      <Filter>Physics\Jolt</Filter>
    </ClInclude>
    <ClInclude Include="Jolt\Physics\Collision\Shape\HeightFieldShape.h">
      <Filter>Physics\Jolt</Filter>
    </ClInclude>
    <ClInclude Include="Jolt\Physics\Collision\Shape\MeshShape.h">
      <Filter>Physics\Jolt</Filter>
    </ClInclude>
    <ClInclude Include="Jolt\Physics\Collision\Shape\MutableCompoundShape.h">
      <Filter>Physics\Jolt</Filter>
    </ClInclude>
    <ClInclude Include="Jolt\Physics\Collision\Shape\OffsetCenterOfMassShape.h">
      <Filter>Physics\Jolt</Filter>
    </ClInclude>
    <ClInclude Include="Jolt\Physics\Collision\Shape\PolyhedronSubmergedVolumeCalculator.h">
      <Filter>Physics\Jolt</Filter>
    </ClInclude>
    <ClInclude Include="Jolt\Physics\Collision\Shape\RotatedTranslatedShape.h">
      <Filter>Physics\Jolt</Filter>
    </ClInclude>
    <ClInclude Include="Jolt\Physics\Collision\Shape\ScaledShape.h">
      <Filter>Physics\Jolt</Filter>
    </ClInclude>
    <ClInclude Include="Jolt\Physics\Collision\Shape\ScaleHelpers.h">
      <Filter>Physics\Jolt</Filter>
    </ClInclude>
    <ClInclude Include="Jolt\Physics\Collision\Shape\Shape.h">
      <Filter>Physics\Jolt</Filter>
    </ClInclude>
    <ClInclude Include="Jolt\Physics\Collision\Shape\SphereShape.h">
      <Filter>Physics\Jolt</Filter>
    </ClInclude>
    <ClInclude Include="Jolt\Physics\Collision\Shape\StaticCompoundShape.h">
      <Filter>Physics\Jolt</Filter>
    </ClInclude>
    <ClInclude Include="Jolt\Physics\Collision\Shape\SubShapeID.h">
      <Filter>Physics\Jolt</Filter>
    </ClInclude>
    <ClInclude Include="Jolt\Physics\Collision\Shape\SubShapeIDPair.h">
      <Filter>Physics\Jolt</Filter>
    </ClInclude>
    <ClInclude Include="Jolt\Physics\Collision\Shape\TaperedCapsuleShape.h">
      <Filter>Physics\Jolt</Filter>
    </ClInclude>
    <ClInclude Include="Jolt\Physics\Collision\Shape\TriangleShape.h">
      <Filter>Physics\Jolt</Filter>
    </ClInclude>
    <ClInclude Include="Jolt\Physics\Collision\AABoxCast.h">
      <Filter>Physics\Jolt</Filter>
    </ClInclude>
    <ClInclude Include="Jolt\Physics\Collision\ActiveEdgeMode.h">
      <Filter>Physics\Jolt</Filter>
    </ClInclude>
    <ClInclude Include="Jolt\Physics\Collision\ActiveEdges.h">
      <Filter>Physics\Jolt</Filter>
    </ClInclude>
    <ClInclude Include="Jolt\Physics\Collision\BackFaceMode.h">
      <Filter>Physics\Jolt</Filter>
    </ClInclude>
    <ClInclude Include="Jolt\Physics\Collision\CastConvexVsTriangles.h">
      <Filter>Physics\Jolt</Filter>
    </ClInclude>
    <ClInclude Include="Jolt\Physics\Collision\CastResult.h">
      <Filter>Physics\Jolt</Filter>
    </ClInclude>
    <ClInclude Include="Jolt\Physics\Collision\CastSphereVsTriangles.h">
      <Filter>Physics\Jolt</Filter>
    </ClInclude>
    <ClInclude Include="Jolt\Physics\Collision\CollectFacesMode.h">
      <Filter>Physics\Jolt</Filter>
    </ClInclude>
    <ClInclude Include="Jolt\Physics\Collision\CollideConvexVsTriangles.h">
      <Filter>Physics\Jolt</Filter>
    </ClInclude>
    <ClInclude Include="Jolt\Physics\Collision\CollidePointResult.h">
      <Filter>Physics\Jolt</Filter>
    </ClInclude>
    <ClInclude Include="Jolt\Physics\Collision\CollideShape.h">
      <Filter>Physics\Jolt</Filter>
    </ClInclude>
    <ClInclude Include="Jolt\Physics\Collision\CollideSphereVsTriangles.h">
      <Filter>Physics\Jolt</Filter>
    </ClInclude>
    <ClInclude Include="Jolt\Physics\Collision\CollisionCollector.h">
      <Filter>Physics\Jolt</Filter>
    </ClInclude>
    <ClInclude Include="Jolt\Physics\Collision\CollisionCollectorImpl.h">
      <Filter>Physics\Jolt</Filter>
    </ClInclude>
    <ClInclude Include="Jolt\Physics\Collision\CollisionDispatch.h">
      <Filter>Physics\Jolt</Filter>
    </ClInclude>
    <ClInclude Include="Jolt\Physics\Collision\CollisionGroup.h">
      <Filter>Physics\Jolt</Filter>
    </ClInclude>
    <ClInclude Include="Jolt\Physics\Collision\ContactListener.h">
      <Filter>Physics\Jolt</Filter>
    </ClInclude>
    <ClInclude Include="Jolt\Physics\Collision\GroupFilter.h">
      <Filter>Physics\Jolt</Filter>
    </ClInclude>
    <ClInclude Include="Jolt\Physics\Collision\GroupFilterTable.h">
      <Filter>Physics\Jolt</Filter>
    </ClInclude>
    <ClInclude Include="Jolt\Physics\Collision\ManifoldBetweenTwoFaces.h">
      <Filter>Physics\Jolt</Filter>
    </ClInclude>
    <ClInclude Include="Jolt\Physics\Collision\NarrowPhaseQuery.h">
      <Filter>Physics\Jolt</Filter>
    </ClInclude>
    <ClInclude Include="Jolt\Physics\Collision\NarrowPhaseStats.h">
      <Filter>Physics\Jolt</Filter>
    </ClInclude>
    <ClInclude Include="Jolt\Physics\Collision\ObjectLayer.h">
      <Filter>Physics\Jolt</Filter>
    </ClInclude>
    <ClInclude Include="Jolt\Physics\Collision\PhysicsMaterial.h">
      <Filter>Physics\Jolt</Filter>
    </ClInclude>
    <ClInclude Include="Jolt\Physics\Collision\PhysicsMaterialSimple.h">
      <Filter>Physics\Jolt</Filter>
    </ClInclude>
    <ClInclude Include="Jolt\Physics\Collision\RayCast.h">
      <Filter>Physics\Jolt</Filter>
    </ClInclude>
    <ClInclude Include="Jolt\Physics\Collision\ShapeCast.h">
      <Filter>Physics\Jolt</Filter>
    </ClInclude>
    <ClInclude Include="Jolt\Physics\Collision\ShapeFilter.h">
      <Filter>Physics\Jolt</Filter>
    </ClInclude>
    <ClInclude Include="Jolt\Physics\Collision\SortReverseAndStore.h">
      <Filter>Physics\Jolt</Filter>
    </ClInclude>
    <ClInclude Include="Jolt\Physics\Collision\TransformedShape.h">
      <Filter>Physics\Jolt</Filter>
    </ClInclude>
    <ClInclude Include="Jolt\Physics\Constraints\ConstraintPart\AngleConstraintPart.h">
      <Filter>Physics\Jolt</Filter>
    </ClInclude>
    <ClInclude Include="Jolt\Physics\Constraints\ConstraintPart\AxisConstraintPart.h">
      <Filter>Physics\Jolt</Filter>
    </ClInclude>
    <ClInclude Include="Jolt\Physics\Constraints\ConstraintPart\DualAxisConstraintPart.h">
      <Filter>Physics\Jolt</Filter>
    </ClInclude>
    <ClInclude Include="Jolt\Physics\Constraints\ConstraintPart\GearConstraintPart.h">
      <Filter>Physics\Jolt</Filter>
    </ClInclude>
    <ClInclude Include="Jolt\Physics\Constraints\ConstraintPart\HingeRotationConstraintPart.h">
      <Filter>Physics\Jolt</Filter>
    </ClInclude>
    <ClInclude Include="Jolt\Physics\Constraints\ConstraintPart\IndependentAxisConstraintPart.h">
      <Filter>Physics\Jolt</Filter>
    </ClInclude>
    <ClInclude Include="Jolt\Physics\Constraints\ConstraintPart\PointConstraintPart.h">
      <Filter>Physics\Jolt</Filter>
    </ClInclude>
    <ClInclude Include="Jolt\Physics\Constraints\ConstraintPart\RackAndPinionConstraintPart.h">
      <Filter>Physics\Jolt</Filter>
    </ClInclude>
    <ClInclude Include="Jolt\Physics\Constraints\ConstraintPart\RotationEulerConstraintPart.h">
      <Filter>Physics\Jolt</Filter>
    </ClInclude>
    <ClInclude Include="Jolt\Physics\Constraints\ConstraintPart\RotationQuatConstraintPart.h">
      <Filter>Physics\Jolt</Filter>
    </ClInclude>
    <ClInclude Include="Jolt\Physics\Constraints\ConstraintPart\SpringPart.h">
      <Filter>Physics\Jolt</Filter>
    </ClInclude>
    <ClInclude Include="Jolt\Physics\Constraints\ConstraintPart\SwingTwistConstraintPart.h">
      <Filter>Physics\Jolt</Filter>
    </ClInclude>
    <ClInclude Include="Jolt\Physics\Constraints\ConeConstraint.h">
      <Filter>Physics\Jolt</Filter>
    </ClInclude>
    <ClInclude Include="Jolt\Physics\Constraints\Constraint.h">
      <Filter>Physics\Jolt</Filter>
    </ClInclude>
    <ClInclude Include="Jolt\Physics\Constraints\ConstraintManager.h">
      <Filter>Physics\Jolt</Filter>
    </ClInclude>
    <ClInclude Include="Jolt\Physics\Constraints\ContactConstraintManager.h">
      <Filter>Physics\Jolt</Filter>
    </ClInclude>
    <ClInclude Include="Jolt\Physics\Constraints\DistanceConstraint.h">
      <Filter>Physics\Jolt</Filter>
    </ClInclude>
    <ClInclude Include="Jolt\Physics\Constraints\FixedConstraint.h">
      <Filter>Physics\Jolt</Filter>
    </ClInclude>
    <ClInclude Include="Jolt\Physics\Constraints\GearConstraint.h">
      <Filter>Physics\Jolt</Filter>
    </ClInclude>
    <ClInclude Include="Jolt\Physics\Constraints\HingeConstraint.h">
      <Filter>Physics\Jolt</Filter>
    </ClInclude>
    <ClInclude Include="Jolt\Physics\Constraints\MotorSettings.h">
      <Filter>Physics\Jolt</Filter>
    </ClInclude>
    <ClInclude Include="Jolt\Physics\Constraints\PathConstraint.h">
      <Filter>Physics\Jolt</Filter>
    </ClInclude>
    <ClInclude Include="Jolt\Physics\Constraints\PathConstraintPath.h">
      <Filter>Physics\Jolt</Filter>
    </ClInclude>
    <ClInclude Include="Jolt\Physics\Constraints\PathConstraintPathHermite.h">
      <Filter>Physics\Jolt</Filter>
    </ClInclude>
    <ClInclude Include="Jolt\Physics\Constraints\PointConstraint.h">
      <Filter>Physics\Jolt</Filter>
    </ClInclude>
    <ClInclude Include="Jolt\Physics\Constraints\PulleyConstraint.h">
      <Filter>Physics\Jolt</Filter>
    </ClInclude>
    <ClInclude Include="Jolt\Physics\Constraints\RackAndPinionConstraint.h">
      <Filter>Physics\Jolt</Filter>
    </ClInclude>
    <ClInclude Include="Jolt\Physics\Constraints\SixDOFConstraint.h">
      <Filter>Physics\Jolt</Filter>
    </ClInclude>
    <ClInclude Include="Jolt\Physics\Constraints\SliderConstraint.h">
      <Filter>Physics\Jolt</Filter>
    </ClInclude>
    <ClInclude Include="Jolt\Physics\Constraints\SwingTwistConstraint.h">
      <Filter>Physics\Jolt</Filter>
    </ClInclude>
    <ClInclude Include="Jolt\Physics\Constraints\TwoBodyConstraint.h">
      <Filter>Physics\Jolt</Filter>
    </ClInclude>
    <ClInclude Include="Jolt\Physics\Ragdoll\Ragdoll.h">
      <Filter>Physics\Jolt</Filter>
    </ClInclude>
    <ClInclude Include="Jolt\Physics\Vehicle\TrackedVehicleController.h">
      <Filter>Physics\Jolt</Filter>
    </ClInclude>
    <ClInclude Include="Jolt\Physics\Vehicle\VehicleAntiRollBar.h">
      <Filter>Physics\Jolt</Filter>
    </ClInclude>
    <ClInclude Include="Jolt\Physics\Vehicle\VehicleCollisionTester.h">
      <Filter>Physics\Jolt</Filter>
    </ClInclude>
    <ClInclude Include="Jolt\Physics\Vehicle\VehicleConstraint.h">
      <Filter>Physics\Jolt</Filter>
    </ClInclude>
    <ClInclude Include="Jolt\Physics\Vehicle\VehicleController.h">
      <Filter>Physics\Jolt</Filter>
    </ClInclude>
    <ClInclude Include="Jolt\Physics\Vehicle\VehicleDifferential.h">
      <Filter>Physics\Jolt</Filter>
    </ClInclude>
    <ClInclude Include="Jolt\Physics\Vehicle\VehicleEngine.h">
      <Filter>Physics\Jolt</Filter>
    </ClInclude>
    <ClInclude Include="Jolt\Physics\Vehicle\VehicleTrack.h">
      <Filter>Physics\Jolt</Filter>
    </ClInclude>
    <ClInclude Include="Jolt\Physics\Vehicle\VehicleTransmission.h">
      <Filter>Physics\Jolt</Filter>
    </ClInclude>
    <ClInclude Include="Jolt\Physics\Vehicle\Wheel.h">
      <Filter>Physics\Jolt</Filter>
    </ClInclude>
    <ClInclude Include="Jolt\Physics\Vehicle\WheeledVehicleController.h">
      <Filter>Physics\Jolt</Filter>
    </ClInclude>
    <ClInclude Include="Jolt\Physics\DeterminismLog.h">
      <Filter>Physics\Jolt</Filter>
    </ClInclude>
    <ClInclude Include="Jolt\Physics\EActivation.h">
      <Filter>Physics\Jolt</Filter>
    </ClInclude>
    <ClInclude Include="Jolt\Physics\IslandBuilder.h">
      <Filter>Physics\Jolt</Filter>
    </ClInclude>
    <ClInclude Include="Jolt\Physics\PhysicsLock.h">
      <Filter>Physics\Jolt</Filter>
    </ClInclude>
    <ClInclude Include="Jolt\Physics\PhysicsScene.h">
      <Filter>Physics\Jolt</Filter>
    </ClInclude>
    <ClInclude Include="Jolt\Physics\PhysicsSettings.h">
      <Filter>Physics\Jolt</Filter>
    </ClInclude>
    <ClInclude Include="Jolt\Physics\PhysicsStepListener.h">
      <Filter>Physics\Jolt</Filter>
    </ClInclude>
    <ClInclude Include="Jolt\Physics\PhysicsSystem.h">
      <Filter>Physics\Jolt</Filter>
    </ClInclude>
    <ClInclude Include="Jolt\Physics\PhysicsUpdateContext.h">
      <Filter>Physics\Jolt</Filter>
    </ClInclude>
    <ClInclude Include="Jolt\Physics\StateRecorder.h">
      <Filter>Physics\Jolt</Filter>
    </ClInclude>
    <ClInclude Include="Jolt\Physics\StateRecorderImpl.h">
      <Filter>Physics\Jolt</Filter>
    </ClInclude>
    <ClInclude Include="Jolt\Renderer\DebugRenderer.h">
      <Filter>Physics\Jolt</Filter>
    </ClInclude>
    <ClInclude Include="Jolt\Renderer\DebugRendererPlayback.h">
      <Filter>Physics\Jolt</Filter>
    </ClInclude>
    <ClInclude Include="Jolt\Renderer\DebugRendererRecorder.h">
      <Filter>Physics\Jolt</Filter>
    </ClInclude>
    <ClInclude Include="Jolt\Skeleton\SkeletalAnimation.h">
      <Filter>Physics\Jolt</Filter>
    </ClInclude>
    <ClInclude Include="Jolt\Skeleton\Skeleton.h">
      <Filter>Physics\Jolt</Filter>
    </ClInclude>
    <ClInclude Include="Jolt\Skeleton\SkeletonMapper.h">
      <Filter>Physics\Jolt</Filter>
    </ClInclude>
    <ClInclude Include="Jolt\Skeleton\SkeletonPose.h">
      <Filter>Physics\Jolt</Filter>
    </ClInclude>
    <ClInclude Include="Jolt\TriangleGrouper\TriangleGrouper.h">
      <Filter>Physics\Jolt</Filter>
    </ClInclude>
    <ClInclude Include="Jolt\TriangleGrouper\TriangleGrouperClosestCentroid.h">
      <Filter>Physics\Jolt</Filter>
    </ClInclude>
    <ClInclude Include="Jolt\TriangleGrouper\TriangleGrouperMorton.h">
      <Filter>Physics\Jolt</Filter>
    </ClInclude>
    <ClInclude Include="Jolt\TriangleSplitter\TriangleSplitter.h">
      <Filter>Physics\Jolt</Filter>
    </ClInclude>
    <ClInclude Include="Jolt\TriangleSplitter\TriangleSplitterBinning.h">
      <Filter>Physics\Jolt</Filter>
    </ClInclude>
    <ClInclude Include="Jolt\TriangleSplitter\TriangleSplitterFixedLeafSize.h">
      <Filter>Physics\Jolt</Filter>
    </ClInclude>
    <ClInclude Include="Jolt\TriangleSplitter\TriangleSplitterLongestAxis.h">
      <Filter>Physics\Jolt</Filter>
    </ClInclude>
    <ClInclude Include="Jolt\TriangleSplitter\TriangleSplitterMean.h">
      <Filter>Physics\Jolt</Filter>
    </ClInclude>
    <ClInclude Include="Jolt\TriangleSplitter\TriangleSplitterMorton.h">
      <Filter>Physics\Jolt</Filter>
    </ClInclude>
    <ClInclude Include="Jolt\Jolt.h">
      <Filter>Physics\Jolt</Filter>
    </ClInclude>
    <ClInclude Include="Jolt\RegisterTypes.h">
      <Filter>Physics\Jolt</Filter>
    </ClInclude>
    <ClInclude Include="Jolt\Core\JobSystemWithBarrier.h">
      <Filter>Physics\Jolt</Filter>
    </ClInclude>
    <ClInclude Include="Jolt\Core\Semaphore.h">
      <Filter>Physics\Jolt</Filter>
    </ClInclude>
    <ClInclude Include="Jolt\Physics\LargeIslandSplitter.h">
      <Filter>Physics\Jolt</Filter>
    </ClInclude>
  </ItemGroup>
  <ItemGroup>
    <None Include="NeoAxis\vhacd\src\FloatMath.inl">
      <Filter>NeoAxis\vhacd</Filter>
    </None>
    <None Include="NeoAxis\vhacd\src\vhacdCircularList.inl">
      <Filter>NeoAxis\vhacd</Filter>
    </None>
    <None Include="NeoAxis\vhacd\src\vhacdVector.inl">
      <Filter>NeoAxis\vhacd</Filter>
    </None>
    <None Include="Jolt\Core\FixedSizeFreeList.inl">
      <Filter>Physics\Jolt</Filter>
    </None>
    <None Include="Jolt\Core\JobSystem.inl">
      <Filter>Physics\Jolt</Filter>
    </None>
    <None Include="Jolt\Core\LockFreeHashMap.inl">
      <Filter>Physics\Jolt</Filter>
    </None>
    <None Include="Jolt\Core\Profiler.inl">
      <Filter>Physics\Jolt</Filter>
    </None>
    <None Include="Jolt\Math\DMat44.inl">
      <Filter>Physics\Jolt</Filter>
    </None>
    <None Include="Jolt\Math\DVec3.inl">
      <Filter>Physics\Jolt</Filter>
    </None>
    <None Include="Jolt\Math\Mat44.inl">
      <Filter>Physics\Jolt</Filter>
    </None>
    <None Include="Jolt\Math\Quat.inl">
      <Filter>Physics\Jolt</Filter>
    </None>
    <None Include="Jolt\Math\UVec4.inl">
      <Filter>Physics\Jolt</Filter>
    </None>
    <None Include="Jolt\Math\UVec8.inl">
      <Filter>Physics\Jolt</Filter>
    </None>
    <None Include="Jolt\Math\Vec3.inl">
      <Filter>Physics\Jolt</Filter>
    </None>
    <None Include="Jolt\Math\Vec4.inl">
      <Filter>Physics\Jolt</Filter>
    </None>
    <None Include="Jolt\Math\Vec8.inl">
      <Filter>Physics\Jolt</Filter>
    </None>
    <None Include="Jolt\Physics\Body\Body.inl">
      <Filter>Physics\Jolt</Filter>
    </None>
    <None Include="Jolt\Physics\Body\MotionProperties.inl">
      <Filter>Physics\Jolt</Filter>
    </None>
  </ItemGroup>
</Project>